
Microsoft Visual Studio Solution File, Format Version 12.00
# Visual Studio Express 2012 for Web
Project("{F2A71F9B-5D33-465A-A702-920D77279786}") = "BuildHelpers", "BuildHelpers\BuildHelpers.fsproj", "{C8EFC4D8-7C9C-4846-88F3-10467D0F3A3F}"
EndProject
Project("{F2A71F9B-5D33-465A-A702-920D77279786}") = "GDocUploader", "GDocUploader\GDocUploader.fsproj", "{3DEEA7DB-5694-4B1A-9C00-863015CD53B9}"
EndProject
Global
	GlobalSection(SolutionConfigurationPlatforms) = preSolution
		Debug|x86 = Debug|x86
		Release|x86 = Release|x86
	EndGlobalSection
	GlobalSection(ProjectConfigurationPlatforms) = postSolution
		{C8EFC4D8-7C9C-4846-88F3-10467D0F3A3F}.Debug|x86.ActiveCfg = Debug|x86
		{C8EFC4D8-7C9C-4846-88F3-10467D0F3A3F}.Debug|x86.Build.0 = Debug|x86
		{C8EFC4D8-7C9C-4846-88F3-10467D0F3A3F}.Release|x86.ActiveCfg = Release|x86
		{C8EFC4D8-7C9C-4846-88F3-10467D0F3A3F}.Release|x86.Build.0 = Release|x86
		{3DEEA7DB-5694-4B1A-9C00-863015CD53B9}.Debug|x86.ActiveCfg = Debug|x86
		{3DEEA7DB-5694-4B1A-9C00-863015CD53B9}.Debug|x86.Build.0 = Debug|x86
		{3DEEA7DB-5694-4B1A-9C00-863015CD53B9}.Release|x86.ActiveCfg = Release|x86
		{3DEEA7DB-5694-4B1A-9C00-863015CD53B9}.Release|x86.Build.0 = Release|x86
	EndGlobalSection
	GlobalSection(SolutionProperties) = preSolution
		HideSolutionNode = FALSE
	EndGlobalSection
EndGlobal
