
Microsoft Visual Studio Solution File, Format Version 12.00
# Visual Studio Express 2012 for Web
Project("{2150E333-8FDC-42A3-9474-1A3956D46DE8}") = "Frontends", "Frontends", "{020587D2-50BA-4E6D-9BD5-1059EBCC13D7}"
EndProject
Project("{2150E333-8FDC-42A3-9474-1A3956D46DE8}") = "Generators", "Generators", "{62D91EA2-A776-44C2-8891-2CA45A01A365}"
EndProject
Project("{2150E333-8FDC-42A3-9474-1A3956D46DE8}") = "Tests", "Tests", "{55E40801-E853-4AFD-806C-06969CE72CB0}"
EndProject
Project("{2150E333-8FDC-42A3-9474-1A3956D46DE8}") = "GNESCC", "GNESCC", "{5B0AD554-6DB3-43CA-878A-58874B89CAE2}"
EndProject
Project("{2150E333-8FDC-42A3-9474-1A3956D46DE8}") = "TempTests", "TempTests", "{12060C25-C65C-445E-AE07-EB2780B57AE9}"
EndProject
Project("{2150E333-8FDC-42A3-9474-1A3956D46DE8}") = "RACC", "RACC", "{C606E7BF-43A2-474B-8121-CA27405A5ED7}"
EndProject
Project("{2150E333-8FDC-42A3-9474-1A3956D46DE8}") = "test_alt", "test_alt", "{229E26F1-6FBF-4045-82BF-64550AE5FF2C}"
	ProjectSection(SolutionItems) = preProject
		..\Tests\RACC\test_alt\test_alt.yrd = ..\Tests\RACC\test_alt\test_alt.yrd
		..\Tests\RACC\test_alt\test_alt_1.yrd.in = ..\Tests\RACC\test_alt\test_alt_1.yrd.in
		..\Tests\RACC\test_alt\test_alt_2.yrd.in = ..\Tests\RACC\test_alt\test_alt_2.yrd.in
	EndProjectSection
EndProject
Project("{2150E333-8FDC-42A3-9474-1A3956D46DE8}") = "test_cls", "test_cls", "{644C6234-BBD8-4E22-AB92-6AEEC4B54895}"
EndProject
Project("{2150E333-8FDC-42A3-9474-1A3956D46DE8}") = "test_cls_with_head", "test_cls_with_head", "{53281A66-089D-493D-9771-1445D5D7E87A}"
EndProject
Project("{2150E333-8FDC-42A3-9474-1A3956D46DE8}") = "IronyFrontend", "IronyFrontend", "{B41A47C0-B919-494F-89C5-04FEA6FC5BE2}"
EndProject
Project("{2150E333-8FDC-42A3-9474-1A3956D46DE8}") = "Development", "Development", "{60932BEE-68D9-4337-9FE8-1F8CCF77F989}"
EndProject
Project("{2150E333-8FDC-42A3-9474-1A3956D46DE8}") = "Tools", "Tools", "{FA1A3290-304A-4301-8CC3-92401FE76FE5}"
EndProject
Project("{2150E333-8FDC-42A3-9474-1A3956D46DE8}") = "RNGLR", "RNGLR", "{319C1C63-44C0-4A68-A028-222D72029FE8}"
EndProject
Project("{F2A71F9B-5D33-465A-A702-920D77279786}") = "Common", "Common\Common.fsproj", "{10EA63AB-6F4E-4925-B0A3-4F9BF8E17A08}"
EndProject
Project("{F2A71F9B-5D33-465A-A702-920D77279786}") = "YaccConstructor", "Main\YaccConstructor.fsproj", "{E9A0E63B-EAD7-43DE-8823-13FAA6B2B972}"
EndProject
Project("{F2A71F9B-5D33-465A-A702-920D77279786}") = "YardFrontend", "YardFrontend\YardFrontend.fsproj", "{A090E3B0-0516-44F3-9FBA-6EF8CB21926E}"
EndProject
Project("{F2A71F9B-5D33-465A-A702-920D77279786}") = "Convertions", "Convertions\Convertions.fsproj", "{96AB0183-84E1-4A2E-8896-9EAD2C8CF6A4}"
EndProject
Project("{F2A71F9B-5D33-465A-A702-920D77279786}") = "YardFrontend.Test", "YardFrontend.Test\YardFrontend.Test.fsproj", "{5936D84D-A842-43B3-97FD-E2C6990E77DB}"
EndProject
Project("{F2A71F9B-5D33-465A-A702-920D77279786}") = "IronyFrontend", "IronyFrontend\IronyFrontend.fsproj", "{0DDC2026-FA70-405A-B3A5-39C1886AFA15}"
EndProject
Project("{F2A71F9B-5D33-465A-A702-920D77279786}") = "FParsecGenerator", "FParsecGenerator\FParsecGenerator.fsproj", "{EC8D87C9-3910-4E6A-9C30-1E5C9BA8E73C}"
EndProject
Project("{F2A71F9B-5D33-465A-A702-920D77279786}") = "Tester", "Tester\Tester.fsproj", "{574E1121-922C-4132-920C-98B5E4ADD5A3}"
EndProject
Project("{F2A71F9B-5D33-465A-A702-920D77279786}") = "YardPrinter", "YardPrinter\YardPrinter.fsproj", "{3148144C-1649-440E-A9B4-1D5C41677262}"
EndProject
Project("{F2A71F9B-5D33-465A-A702-920D77279786}") = "AntlrFrontend", "AntlrToYard\AntlrFrontend.fsproj", "{B75AEC02-64BD-4B31-8115-6708C64EE5DC}"
EndProject
Project("{F2A71F9B-5D33-465A-A702-920D77279786}") = "IronyFrontend.Test", "IronyFrontend.Test\IronyFrontend.Test.fsproj", "{DFF3E1AE-8919-42A9-8320-A6CC5E4E154F}"
EndProject
Project("{FAE04EC0-301F-11D3-BF4B-00C04F79EFBC}") = "IronyFrontendTests", "IronyFrontendTests\IronyFrontendTests.csproj", "{61B73DE1-F585-488D-B842-923CBFCD092C}"
EndProject
Project("{F2A71F9B-5D33-465A-A702-920D77279786}") = "Convertions.Test", "Convertions.Test\Convertions.Test.fsproj", "{8EAAC2A1-D03A-4F42-9182-D294A3DB9FDF}"
EndProject
Project("{F2A71F9B-5D33-465A-A702-920D77279786}") = "FsYaccPrinter", "FsYaccPrinter\FsYaccPrinter.fsproj", "{2238E587-6FAA-4A07-A665-AA7FCC9B5602}"
EndProject
Project("{F2A71F9B-5D33-465A-A702-920D77279786}") = "FsYaccFrontend", "FsYaccFrontend\FsYaccFrontend.fsproj", "{17103A48-DB90-4101-92EE-7B2719DB2CF0}"
EndProject
Project("{F2A71F9B-5D33-465A-A702-920D77279786}") = "TreeDump", "TreeDump\TreeDump.fsproj", "{99DFB4E9-46C5-4767-9646-BA49B2B6A664}"
EndProject
Project("{F2A71F9B-5D33-465A-A702-920D77279786}") = "TablesPrinter", "TablesPrinter\TablesPrinter.fsproj", "{C64ED336-25F3-4618-AC96-9BFE839010FF}"
EndProject
Project("{FAE04EC0-301F-11D3-BF4B-00C04F79EFBC}") = "UIComponents", "UIComponents\UIComponents.csproj", "{2966AB44-8F8B-4F97-AB3D-800AFC4A9954}"
EndProject
Project("{FAE04EC0-301F-11D3-BF4B-00C04F79EFBC}") = "FrontendImpl", "FrontendImpl\FrontendImpl.csproj", "{5D4BB3F9-D6B5-44CE-B157-993587C8ACF9}"
EndProject
Project("{F2A71F9B-5D33-465A-A702-920D77279786}") = "Common.Test", "Common.Test\Common.Test.fsproj", "{42244DCC-4326-4E7A-BB6B-CCD8CA544D85}"
EndProject
Project("{F2A71F9B-5D33-465A-A702-920D77279786}") = "RNGLRGenerator", "RNGLRGenerator\RNGLRGenerator.fsproj", "{5BAF0FBA-31B7-406D-BEA4-1BCC1418A63F}"
EndProject
Project("{F2A71F9B-5D33-465A-A702-920D77279786}") = "RNGLRCommon", "RNGLRCommon\RNGLRCommon.fsproj", "{1C719CD3-0559-4A12-8B57-F58053947DC1}"
EndProject
Project("{F2A71F9B-5D33-465A-A702-920D77279786}") = "RNGLRParser", "RNGLRParser\RNGLRParser.fsproj", "{1B09EACC-608A-4965-8B46-2746FAC220FC}"
EndProject
Project("{F2A71F9B-5D33-465A-A702-920D77279786}") = "Statistics", "Statistics\Statistics.fsproj", "{91004B7F-1FB7-4C90-8102-7C683C71E0DC}"
EndProject
Project("{F2A71F9B-5D33-465A-A702-920D77279786}") = "Reports", "Reports\Reports.fsproj", "{B390E0A5-8733-4B8C-ABEE-6BF5A74F6B67}"
EndProject
Project("{F2A71F9B-5D33-465A-A702-920D77279786}") = "RNGLRParser.SimpleTest", "RNGLRParser.SimpleTest\RNGLRParser.SimpleTest.fsproj", "{D65BDE42-D396-458C-BE08-104477314657}"
EndProject
Project("{F2A71F9B-5D33-465A-A702-920D77279786}") = "RNGLRApplication", "RNGLRApplication\RNGLRApplication.fsproj", "{7DAE51E2-3A17-4941-AD36-D61170069366}"
EndProject
Project("{F2A71F9B-5D33-465A-A702-920D77279786}") = "YCBuildTask", "YCBuildTask\YCBuildTask.fsproj", "{01980AC2-861E-4BA3-9EFD-FD79AA88F7F5}"
EndProject
Global
	GlobalSection(SolutionConfigurationPlatforms) = preSolution
		Debug|Any CPU = Debug|Any CPU
		Debug|Mixed Platforms = Debug|Mixed Platforms
		Debug|x86 = Debug|x86
		Release|Any CPU = Release|Any CPU
		Release|Mixed Platforms = Release|Mixed Platforms
		Release|x86 = Release|x86
	EndGlobalSection
	GlobalSection(ProjectConfigurationPlatforms) = postSolution
		{10EA63AB-6F4E-4925-B0A3-4F9BF8E17A08}.Debug|Any CPU.ActiveCfg = Debug|Any CPU
		{10EA63AB-6F4E-4925-B0A3-4F9BF8E17A08}.Debug|Any CPU.Build.0 = Debug|Any CPU
		{10EA63AB-6F4E-4925-B0A3-4F9BF8E17A08}.Debug|Mixed Platforms.ActiveCfg = Debug|Any CPU
		{10EA63AB-6F4E-4925-B0A3-4F9BF8E17A08}.Debug|Mixed Platforms.Build.0 = Debug|Any CPU
		{10EA63AB-6F4E-4925-B0A3-4F9BF8E17A08}.Debug|x86.ActiveCfg = Debug|Any CPU
		{10EA63AB-6F4E-4925-B0A3-4F9BF8E17A08}.Debug|x86.Build.0 = Debug|Any CPU
		{10EA63AB-6F4E-4925-B0A3-4F9BF8E17A08}.Release|Any CPU.ActiveCfg = Release|Any CPU
		{10EA63AB-6F4E-4925-B0A3-4F9BF8E17A08}.Release|Any CPU.Build.0 = Release|Any CPU
		{10EA63AB-6F4E-4925-B0A3-4F9BF8E17A08}.Release|Mixed Platforms.ActiveCfg = Release|Any CPU
		{10EA63AB-6F4E-4925-B0A3-4F9BF8E17A08}.Release|Mixed Platforms.Build.0 = Release|Any CPU
		{10EA63AB-6F4E-4925-B0A3-4F9BF8E17A08}.Release|x86.ActiveCfg = Release|Any CPU
		{10EA63AB-6F4E-4925-B0A3-4F9BF8E17A08}.Release|x86.Build.0 = Release|Any CPU
		{E9A0E63B-EAD7-43DE-8823-13FAA6B2B972}.Debug|Any CPU.ActiveCfg = Debug|Any CPU
		{E9A0E63B-EAD7-43DE-8823-13FAA6B2B972}.Debug|Any CPU.Build.0 = Debug|Any CPU
		{E9A0E63B-EAD7-43DE-8823-13FAA6B2B972}.Debug|Mixed Platforms.ActiveCfg = Debug|Any CPU
		{E9A0E63B-EAD7-43DE-8823-13FAA6B2B972}.Debug|Mixed Platforms.Build.0 = Debug|Any CPU
		{E9A0E63B-EAD7-43DE-8823-13FAA6B2B972}.Debug|x86.ActiveCfg = Debug|Any CPU
		{E9A0E63B-EAD7-43DE-8823-13FAA6B2B972}.Debug|x86.Build.0 = Debug|Any CPU
		{E9A0E63B-EAD7-43DE-8823-13FAA6B2B972}.Release|Any CPU.ActiveCfg = Release|Any CPU
		{E9A0E63B-EAD7-43DE-8823-13FAA6B2B972}.Release|Any CPU.Build.0 = Release|Any CPU
		{E9A0E63B-EAD7-43DE-8823-13FAA6B2B972}.Release|Mixed Platforms.ActiveCfg = Release|Any CPU
		{E9A0E63B-EAD7-43DE-8823-13FAA6B2B972}.Release|Mixed Platforms.Build.0 = Release|Any CPU
		{E9A0E63B-EAD7-43DE-8823-13FAA6B2B972}.Release|x86.ActiveCfg = Release|Any CPU
		{E9A0E63B-EAD7-43DE-8823-13FAA6B2B972}.Release|x86.Build.0 = Release|Any CPU
		{A090E3B0-0516-44F3-9FBA-6EF8CB21926E}.Debug|Any CPU.ActiveCfg = Debug|Any CPU
		{A090E3B0-0516-44F3-9FBA-6EF8CB21926E}.Debug|Any CPU.Build.0 = Debug|Any CPU
		{A090E3B0-0516-44F3-9FBA-6EF8CB21926E}.Debug|Mixed Platforms.ActiveCfg = Debug|Any CPU
		{A090E3B0-0516-44F3-9FBA-6EF8CB21926E}.Debug|Mixed Platforms.Build.0 = Debug|Any CPU
		{A090E3B0-0516-44F3-9FBA-6EF8CB21926E}.Debug|x86.ActiveCfg = Debug|Any CPU
		{A090E3B0-0516-44F3-9FBA-6EF8CB21926E}.Debug|x86.Build.0 = Debug|Any CPU
		{A090E3B0-0516-44F3-9FBA-6EF8CB21926E}.Release|Any CPU.ActiveCfg = Release|Any CPU
		{A090E3B0-0516-44F3-9FBA-6EF8CB21926E}.Release|Any CPU.Build.0 = Release|Any CPU
		{A090E3B0-0516-44F3-9FBA-6EF8CB21926E}.Release|Mixed Platforms.ActiveCfg = Release|Any CPU
		{A090E3B0-0516-44F3-9FBA-6EF8CB21926E}.Release|Mixed Platforms.Build.0 = Release|Any CPU
		{A090E3B0-0516-44F3-9FBA-6EF8CB21926E}.Release|x86.ActiveCfg = Release|Any CPU
		{A090E3B0-0516-44F3-9FBA-6EF8CB21926E}.Release|x86.Build.0 = Release|Any CPU
		{96AB0183-84E1-4A2E-8896-9EAD2C8CF6A4}.Debug|Any CPU.ActiveCfg = Debug|Any CPU
		{96AB0183-84E1-4A2E-8896-9EAD2C8CF6A4}.Debug|Any CPU.Build.0 = Debug|Any CPU
		{96AB0183-84E1-4A2E-8896-9EAD2C8CF6A4}.Debug|Mixed Platforms.ActiveCfg = Debug|Any CPU
		{96AB0183-84E1-4A2E-8896-9EAD2C8CF6A4}.Debug|Mixed Platforms.Build.0 = Debug|Any CPU
		{96AB0183-84E1-4A2E-8896-9EAD2C8CF6A4}.Debug|x86.ActiveCfg = Debug|Any CPU
		{96AB0183-84E1-4A2E-8896-9EAD2C8CF6A4}.Debug|x86.Build.0 = Debug|Any CPU
		{96AB0183-84E1-4A2E-8896-9EAD2C8CF6A4}.Release|Any CPU.ActiveCfg = Release|Any CPU
		{96AB0183-84E1-4A2E-8896-9EAD2C8CF6A4}.Release|Any CPU.Build.0 = Release|Any CPU
		{96AB0183-84E1-4A2E-8896-9EAD2C8CF6A4}.Release|Mixed Platforms.ActiveCfg = Release|Any CPU
		{96AB0183-84E1-4A2E-8896-9EAD2C8CF6A4}.Release|Mixed Platforms.Build.0 = Release|Any CPU
		{96AB0183-84E1-4A2E-8896-9EAD2C8CF6A4}.Release|x86.ActiveCfg = Release|Any CPU
		{96AB0183-84E1-4A2E-8896-9EAD2C8CF6A4}.Release|x86.Build.0 = Release|Any CPU
		{5936D84D-A842-43B3-97FD-E2C6990E77DB}.Debug|Any CPU.ActiveCfg = Debug|Any CPU
		{5936D84D-A842-43B3-97FD-E2C6990E77DB}.Debug|Any CPU.Build.0 = Debug|Any CPU
		{5936D84D-A842-43B3-97FD-E2C6990E77DB}.Debug|Mixed Platforms.ActiveCfg = Debug|Any CPU
		{5936D84D-A842-43B3-97FD-E2C6990E77DB}.Debug|Mixed Platforms.Build.0 = Debug|Any CPU
		{5936D84D-A842-43B3-97FD-E2C6990E77DB}.Debug|x86.ActiveCfg = Debug|Any CPU
		{5936D84D-A842-43B3-97FD-E2C6990E77DB}.Debug|x86.Build.0 = Debug|Any CPU
		{5936D84D-A842-43B3-97FD-E2C6990E77DB}.Release|Any CPU.ActiveCfg = Release|Any CPU
		{5936D84D-A842-43B3-97FD-E2C6990E77DB}.Release|Any CPU.Build.0 = Release|Any CPU
		{5936D84D-A842-43B3-97FD-E2C6990E77DB}.Release|Mixed Platforms.ActiveCfg = Release|Any CPU
		{5936D84D-A842-43B3-97FD-E2C6990E77DB}.Release|Mixed Platforms.Build.0 = Release|Any CPU
		{5936D84D-A842-43B3-97FD-E2C6990E77DB}.Release|x86.ActiveCfg = Release|Any CPU
		{5936D84D-A842-43B3-97FD-E2C6990E77DB}.Release|x86.Build.0 = Release|Any CPU
		{0DDC2026-FA70-405A-B3A5-39C1886AFA15}.Debug|Any CPU.ActiveCfg = Debug|Any CPU
		{0DDC2026-FA70-405A-B3A5-39C1886AFA15}.Debug|Any CPU.Build.0 = Debug|Any CPU
		{0DDC2026-FA70-405A-B3A5-39C1886AFA15}.Debug|Mixed Platforms.ActiveCfg = Debug|Any CPU
		{0DDC2026-FA70-405A-B3A5-39C1886AFA15}.Debug|Mixed Platforms.Build.0 = Debug|Any CPU
		{0DDC2026-FA70-405A-B3A5-39C1886AFA15}.Debug|x86.ActiveCfg = Debug|Any CPU
		{0DDC2026-FA70-405A-B3A5-39C1886AFA15}.Debug|x86.Build.0 = Debug|Any CPU
		{0DDC2026-FA70-405A-B3A5-39C1886AFA15}.Release|Any CPU.ActiveCfg = Release|Any CPU
		{0DDC2026-FA70-405A-B3A5-39C1886AFA15}.Release|Any CPU.Build.0 = Release|Any CPU
		{0DDC2026-FA70-405A-B3A5-39C1886AFA15}.Release|Mixed Platforms.ActiveCfg = Release|Any CPU
		{0DDC2026-FA70-405A-B3A5-39C1886AFA15}.Release|Mixed Platforms.Build.0 = Release|Any CPU
		{0DDC2026-FA70-405A-B3A5-39C1886AFA15}.Release|x86.ActiveCfg = Release|Any CPU
		{0DDC2026-FA70-405A-B3A5-39C1886AFA15}.Release|x86.Build.0 = Release|Any CPU
		{EC8D87C9-3910-4E6A-9C30-1E5C9BA8E73C}.Debug|Any CPU.ActiveCfg = Debug|Any CPU
		{EC8D87C9-3910-4E6A-9C30-1E5C9BA8E73C}.Debug|Any CPU.Build.0 = Debug|Any CPU
		{EC8D87C9-3910-4E6A-9C30-1E5C9BA8E73C}.Debug|Mixed Platforms.ActiveCfg = Debug|Any CPU
		{EC8D87C9-3910-4E6A-9C30-1E5C9BA8E73C}.Debug|Mixed Platforms.Build.0 = Debug|Any CPU
		{EC8D87C9-3910-4E6A-9C30-1E5C9BA8E73C}.Debug|x86.ActiveCfg = Debug|Any CPU
		{EC8D87C9-3910-4E6A-9C30-1E5C9BA8E73C}.Debug|x86.Build.0 = Debug|Any CPU
		{EC8D87C9-3910-4E6A-9C30-1E5C9BA8E73C}.Release|Any CPU.ActiveCfg = Release|Any CPU
		{EC8D87C9-3910-4E6A-9C30-1E5C9BA8E73C}.Release|Any CPU.Build.0 = Release|Any CPU
		{EC8D87C9-3910-4E6A-9C30-1E5C9BA8E73C}.Release|Mixed Platforms.ActiveCfg = Release|Any CPU
		{EC8D87C9-3910-4E6A-9C30-1E5C9BA8E73C}.Release|Mixed Platforms.Build.0 = Release|Any CPU
		{EC8D87C9-3910-4E6A-9C30-1E5C9BA8E73C}.Release|x86.ActiveCfg = Release|Any CPU
		{EC8D87C9-3910-4E6A-9C30-1E5C9BA8E73C}.Release|x86.Build.0 = Release|Any CPU
		{574E1121-922C-4132-920C-98B5E4ADD5A3}.Debug|Any CPU.ActiveCfg = Debug|Any CPU
		{574E1121-922C-4132-920C-98B5E4ADD5A3}.Debug|Any CPU.Build.0 = Debug|Any CPU
		{574E1121-922C-4132-920C-98B5E4ADD5A3}.Debug|Mixed Platforms.ActiveCfg = Debug|Any CPU
		{574E1121-922C-4132-920C-98B5E4ADD5A3}.Debug|Mixed Platforms.Build.0 = Debug|Any CPU
		{574E1121-922C-4132-920C-98B5E4ADD5A3}.Debug|x86.ActiveCfg = Debug|Any CPU
		{574E1121-922C-4132-920C-98B5E4ADD5A3}.Debug|x86.Build.0 = Debug|Any CPU
		{574E1121-922C-4132-920C-98B5E4ADD5A3}.Release|Any CPU.ActiveCfg = Release|Any CPU
		{574E1121-922C-4132-920C-98B5E4ADD5A3}.Release|Any CPU.Build.0 = Release|Any CPU
		{574E1121-922C-4132-920C-98B5E4ADD5A3}.Release|Mixed Platforms.ActiveCfg = Release|Any CPU
		{574E1121-922C-4132-920C-98B5E4ADD5A3}.Release|Mixed Platforms.Build.0 = Release|Any CPU
		{574E1121-922C-4132-920C-98B5E4ADD5A3}.Release|x86.ActiveCfg = Release|Any CPU
		{574E1121-922C-4132-920C-98B5E4ADD5A3}.Release|x86.Build.0 = Release|Any CPU
		{3148144C-1649-440E-A9B4-1D5C41677262}.Debug|Any CPU.ActiveCfg = Debug|Any CPU
		{3148144C-1649-440E-A9B4-1D5C41677262}.Debug|Any CPU.Build.0 = Debug|Any CPU
		{3148144C-1649-440E-A9B4-1D5C41677262}.Debug|Mixed Platforms.ActiveCfg = Debug|Any CPU
		{3148144C-1649-440E-A9B4-1D5C41677262}.Debug|Mixed Platforms.Build.0 = Debug|Any CPU
		{3148144C-1649-440E-A9B4-1D5C41677262}.Debug|x86.ActiveCfg = Debug|Any CPU
		{3148144C-1649-440E-A9B4-1D5C41677262}.Debug|x86.Build.0 = Debug|Any CPU
		{3148144C-1649-440E-A9B4-1D5C41677262}.Release|Any CPU.ActiveCfg = Release|Any CPU
		{3148144C-1649-440E-A9B4-1D5C41677262}.Release|Any CPU.Build.0 = Release|Any CPU
		{3148144C-1649-440E-A9B4-1D5C41677262}.Release|Mixed Platforms.ActiveCfg = Release|Any CPU
		{3148144C-1649-440E-A9B4-1D5C41677262}.Release|Mixed Platforms.Build.0 = Release|Any CPU
		{3148144C-1649-440E-A9B4-1D5C41677262}.Release|x86.ActiveCfg = Release|Any CPU
		{3148144C-1649-440E-A9B4-1D5C41677262}.Release|x86.Build.0 = Release|Any CPU
		{B75AEC02-64BD-4B31-8115-6708C64EE5DC}.Debug|Any CPU.ActiveCfg = Debug|Any CPU
		{B75AEC02-64BD-4B31-8115-6708C64EE5DC}.Debug|Any CPU.Build.0 = Debug|Any CPU
		{B75AEC02-64BD-4B31-8115-6708C64EE5DC}.Debug|Mixed Platforms.ActiveCfg = Debug|x86
		{B75AEC02-64BD-4B31-8115-6708C64EE5DC}.Debug|Mixed Platforms.Build.0 = Debug|x86
		{B75AEC02-64BD-4B31-8115-6708C64EE5DC}.Debug|x86.ActiveCfg = Debug|x86
		{B75AEC02-64BD-4B31-8115-6708C64EE5DC}.Debug|x86.Build.0 = Debug|x86
		{B75AEC02-64BD-4B31-8115-6708C64EE5DC}.Release|Any CPU.ActiveCfg = Release|Any CPU
		{B75AEC02-64BD-4B31-8115-6708C64EE5DC}.Release|Any CPU.Build.0 = Release|Any CPU
		{B75AEC02-64BD-4B31-8115-6708C64EE5DC}.Release|Mixed Platforms.ActiveCfg = Release|Any CPU
		{B75AEC02-64BD-4B31-8115-6708C64EE5DC}.Release|Mixed Platforms.Build.0 = Release|Any CPU
		{B75AEC02-64BD-4B31-8115-6708C64EE5DC}.Release|x86.ActiveCfg = Release|x86
		{B75AEC02-64BD-4B31-8115-6708C64EE5DC}.Release|x86.Build.0 = Release|x86
		{DFF3E1AE-8919-42A9-8320-A6CC5E4E154F}.Debug|Any CPU.ActiveCfg = Debug|Any CPU
		{DFF3E1AE-8919-42A9-8320-A6CC5E4E154F}.Debug|Any CPU.Build.0 = Debug|Any CPU
		{DFF3E1AE-8919-42A9-8320-A6CC5E4E154F}.Debug|Mixed Platforms.ActiveCfg = Debug|Any CPU
		{DFF3E1AE-8919-42A9-8320-A6CC5E4E154F}.Debug|Mixed Platforms.Build.0 = Debug|Any CPU
		{DFF3E1AE-8919-42A9-8320-A6CC5E4E154F}.Debug|x86.ActiveCfg = Debug|Any CPU
		{DFF3E1AE-8919-42A9-8320-A6CC5E4E154F}.Debug|x86.Build.0 = Debug|Any CPU
		{DFF3E1AE-8919-42A9-8320-A6CC5E4E154F}.Release|Any CPU.ActiveCfg = Release|Any CPU
		{DFF3E1AE-8919-42A9-8320-A6CC5E4E154F}.Release|Any CPU.Build.0 = Release|Any CPU
		{DFF3E1AE-8919-42A9-8320-A6CC5E4E154F}.Release|Mixed Platforms.ActiveCfg = Release|Any CPU
		{DFF3E1AE-8919-42A9-8320-A6CC5E4E154F}.Release|Mixed Platforms.Build.0 = Release|Any CPU
		{DFF3E1AE-8919-42A9-8320-A6CC5E4E154F}.Release|x86.ActiveCfg = Release|Any CPU
		{DFF3E1AE-8919-42A9-8320-A6CC5E4E154F}.Release|x86.Build.0 = Release|Any CPU
		{61B73DE1-F585-488D-B842-923CBFCD092C}.Debug|Any CPU.ActiveCfg = Debug|Any CPU
		{61B73DE1-F585-488D-B842-923CBFCD092C}.Debug|Mixed Platforms.ActiveCfg = Debug|Any CPU
		{61B73DE1-F585-488D-B842-923CBFCD092C}.Debug|Mixed Platforms.Build.0 = Debug|Any CPU
		{61B73DE1-F585-488D-B842-923CBFCD092C}.Debug|x86.ActiveCfg = Debug|Any CPU
		{61B73DE1-F585-488D-B842-923CBFCD092C}.Debug|x86.Build.0 = Debug|Any CPU
		{61B73DE1-F585-488D-B842-923CBFCD092C}.Release|Any CPU.ActiveCfg = Release|Any CPU
		{61B73DE1-F585-488D-B842-923CBFCD092C}.Release|Any CPU.Build.0 = Release|Any CPU
		{61B73DE1-F585-488D-B842-923CBFCD092C}.Release|Mixed Platforms.ActiveCfg = Release|Any CPU
		{61B73DE1-F585-488D-B842-923CBFCD092C}.Release|Mixed Platforms.Build.0 = Release|Any CPU
		{61B73DE1-F585-488D-B842-923CBFCD092C}.Release|x86.ActiveCfg = Release|Any CPU
		{61B73DE1-F585-488D-B842-923CBFCD092C}.Release|x86.Build.0 = Release|Any CPU
		{8EAAC2A1-D03A-4F42-9182-D294A3DB9FDF}.Debug|Any CPU.ActiveCfg = Debug|Any CPU
		{8EAAC2A1-D03A-4F42-9182-D294A3DB9FDF}.Debug|Any CPU.Build.0 = Debug|Any CPU
		{8EAAC2A1-D03A-4F42-9182-D294A3DB9FDF}.Debug|Mixed Platforms.ActiveCfg = Debug|Any CPU
		{8EAAC2A1-D03A-4F42-9182-D294A3DB9FDF}.Debug|Mixed Platforms.Build.0 = Debug|Any CPU
		{8EAAC2A1-D03A-4F42-9182-D294A3DB9FDF}.Debug|x86.ActiveCfg = Debug|Any CPU
		{8EAAC2A1-D03A-4F42-9182-D294A3DB9FDF}.Debug|x86.Build.0 = Debug|Any CPU
		{8EAAC2A1-D03A-4F42-9182-D294A3DB9FDF}.Release|Any CPU.ActiveCfg = Release|Any CPU
		{8EAAC2A1-D03A-4F42-9182-D294A3DB9FDF}.Release|Any CPU.Build.0 = Release|Any CPU
		{8EAAC2A1-D03A-4F42-9182-D294A3DB9FDF}.Release|Mixed Platforms.ActiveCfg = Release|Any CPU
		{8EAAC2A1-D03A-4F42-9182-D294A3DB9FDF}.Release|Mixed Platforms.Build.0 = Release|Any CPU
		{8EAAC2A1-D03A-4F42-9182-D294A3DB9FDF}.Release|x86.ActiveCfg = Release|Any CPU
		{8EAAC2A1-D03A-4F42-9182-D294A3DB9FDF}.Release|x86.Build.0 = Release|Any CPU
		{2238E587-6FAA-4A07-A665-AA7FCC9B5602}.Debug|Any CPU.ActiveCfg = Debug|Any CPU
		{2238E587-6FAA-4A07-A665-AA7FCC9B5602}.Debug|Any CPU.Build.0 = Debug|Any CPU
		{2238E587-6FAA-4A07-A665-AA7FCC9B5602}.Debug|Mixed Platforms.ActiveCfg = Debug|Any CPU
		{2238E587-6FAA-4A07-A665-AA7FCC9B5602}.Debug|Mixed Platforms.Build.0 = Debug|Any CPU
		{2238E587-6FAA-4A07-A665-AA7FCC9B5602}.Debug|x86.ActiveCfg = Debug|Any CPU
		{2238E587-6FAA-4A07-A665-AA7FCC9B5602}.Debug|x86.Build.0 = Debug|Any CPU
		{2238E587-6FAA-4A07-A665-AA7FCC9B5602}.Release|Any CPU.ActiveCfg = Release|Any CPU
		{2238E587-6FAA-4A07-A665-AA7FCC9B5602}.Release|Any CPU.Build.0 = Release|Any CPU
		{2238E587-6FAA-4A07-A665-AA7FCC9B5602}.Release|Mixed Platforms.ActiveCfg = Release|Any CPU
		{2238E587-6FAA-4A07-A665-AA7FCC9B5602}.Release|Mixed Platforms.Build.0 = Release|Any CPU
		{2238E587-6FAA-4A07-A665-AA7FCC9B5602}.Release|x86.ActiveCfg = Release|Any CPU
		{2238E587-6FAA-4A07-A665-AA7FCC9B5602}.Release|x86.Build.0 = Release|Any CPU
		{17103A48-DB90-4101-92EE-7B2719DB2CF0}.Debug|Any CPU.ActiveCfg = Debug|Any CPU
		{17103A48-DB90-4101-92EE-7B2719DB2CF0}.Debug|Any CPU.Build.0 = Debug|Any CPU
		{17103A48-DB90-4101-92EE-7B2719DB2CF0}.Debug|Mixed Platforms.ActiveCfg = Debug|Any CPU
		{17103A48-DB90-4101-92EE-7B2719DB2CF0}.Debug|Mixed Platforms.Build.0 = Debug|Any CPU
		{17103A48-DB90-4101-92EE-7B2719DB2CF0}.Debug|x86.ActiveCfg = Debug|Any CPU
		{17103A48-DB90-4101-92EE-7B2719DB2CF0}.Debug|x86.Build.0 = Debug|Any CPU
		{17103A48-DB90-4101-92EE-7B2719DB2CF0}.Release|Any CPU.ActiveCfg = Release|Any CPU
		{17103A48-DB90-4101-92EE-7B2719DB2CF0}.Release|Any CPU.Build.0 = Release|Any CPU
		{17103A48-DB90-4101-92EE-7B2719DB2CF0}.Release|Mixed Platforms.ActiveCfg = Release|Any CPU
		{17103A48-DB90-4101-92EE-7B2719DB2CF0}.Release|Mixed Platforms.Build.0 = Release|Any CPU
		{17103A48-DB90-4101-92EE-7B2719DB2CF0}.Release|x86.ActiveCfg = Release|Any CPU
		{17103A48-DB90-4101-92EE-7B2719DB2CF0}.Release|x86.Build.0 = Release|Any CPU
		{99DFB4E9-46C5-4767-9646-BA49B2B6A664}.Debug|Any CPU.ActiveCfg = Debug|Any CPU
		{99DFB4E9-46C5-4767-9646-BA49B2B6A664}.Debug|Any CPU.Build.0 = Debug|Any CPU
		{99DFB4E9-46C5-4767-9646-BA49B2B6A664}.Debug|Mixed Platforms.ActiveCfg = Debug|x86
		{99DFB4E9-46C5-4767-9646-BA49B2B6A664}.Debug|Mixed Platforms.Build.0 = Debug|x86
		{99DFB4E9-46C5-4767-9646-BA49B2B6A664}.Debug|x86.ActiveCfg = Debug|x86
		{99DFB4E9-46C5-4767-9646-BA49B2B6A664}.Debug|x86.Build.0 = Debug|x86
		{99DFB4E9-46C5-4767-9646-BA49B2B6A664}.Release|Any CPU.ActiveCfg = Release|Any CPU
		{99DFB4E9-46C5-4767-9646-BA49B2B6A664}.Release|Any CPU.Build.0 = Release|Any CPU
		{99DFB4E9-46C5-4767-9646-BA49B2B6A664}.Release|Mixed Platforms.ActiveCfg = Release|x86
		{99DFB4E9-46C5-4767-9646-BA49B2B6A664}.Release|Mixed Platforms.Build.0 = Release|x86
		{99DFB4E9-46C5-4767-9646-BA49B2B6A664}.Release|x86.ActiveCfg = Release|Any CPU
		{99DFB4E9-46C5-4767-9646-BA49B2B6A664}.Release|x86.Build.0 = Release|Any CPU
		{C64ED336-25F3-4618-AC96-9BFE839010FF}.Debug|Any CPU.ActiveCfg = Debug|Any CPU
		{C64ED336-25F3-4618-AC96-9BFE839010FF}.Debug|Any CPU.Build.0 = Debug|Any CPU
		{C64ED336-25F3-4618-AC96-9BFE839010FF}.Debug|Mixed Platforms.ActiveCfg = Debug|Any CPU
		{C64ED336-25F3-4618-AC96-9BFE839010FF}.Debug|Mixed Platforms.Build.0 = Debug|Any CPU
		{C64ED336-25F3-4618-AC96-9BFE839010FF}.Debug|x86.ActiveCfg = Debug|Any CPU
		{C64ED336-25F3-4618-AC96-9BFE839010FF}.Release|Any CPU.ActiveCfg = Release|Any CPU
		{C64ED336-25F3-4618-AC96-9BFE839010FF}.Release|Any CPU.Build.0 = Release|Any CPU
		{C64ED336-25F3-4618-AC96-9BFE839010FF}.Release|Mixed Platforms.ActiveCfg = Release|Any CPU
		{C64ED336-25F3-4618-AC96-9BFE839010FF}.Release|Mixed Platforms.Build.0 = Release|Any CPU
		{C64ED336-25F3-4618-AC96-9BFE839010FF}.Release|x86.ActiveCfg = Release|Any CPU
		{C64ED336-25F3-4618-AC96-9BFE839010FF}.Release|x86.Build.0 = Release|Any CPU
		{2966AB44-8F8B-4F97-AB3D-800AFC4A9954}.Debug|Any CPU.ActiveCfg = Debug|Any CPU
		{2966AB44-8F8B-4F97-AB3D-800AFC4A9954}.Debug|Any CPU.Build.0 = Debug|Any CPU
		{2966AB44-8F8B-4F97-AB3D-800AFC4A9954}.Debug|Mixed Platforms.ActiveCfg = Debug|Any CPU
		{2966AB44-8F8B-4F97-AB3D-800AFC4A9954}.Debug|Mixed Platforms.Build.0 = Debug|Any CPU
		{2966AB44-8F8B-4F97-AB3D-800AFC4A9954}.Debug|x86.ActiveCfg = Debug|Any CPU
		{2966AB44-8F8B-4F97-AB3D-800AFC4A9954}.Debug|x86.Build.0 = Debug|Any CPU
		{2966AB44-8F8B-4F97-AB3D-800AFC4A9954}.Release|Any CPU.ActiveCfg = Release|Any CPU
		{2966AB44-8F8B-4F97-AB3D-800AFC4A9954}.Release|Any CPU.Build.0 = Release|Any CPU
		{2966AB44-8F8B-4F97-AB3D-800AFC4A9954}.Release|Mixed Platforms.ActiveCfg = Release|Any CPU
		{2966AB44-8F8B-4F97-AB3D-800AFC4A9954}.Release|Mixed Platforms.Build.0 = Release|Any CPU
		{2966AB44-8F8B-4F97-AB3D-800AFC4A9954}.Release|x86.ActiveCfg = Release|Any CPU
		{2966AB44-8F8B-4F97-AB3D-800AFC4A9954}.Release|x86.Build.0 = Release|Any CPU
		{5D4BB3F9-D6B5-44CE-B157-993587C8ACF9}.Debug|Any CPU.ActiveCfg = Debug|x86
		{5D4BB3F9-D6B5-44CE-B157-993587C8ACF9}.Debug|Mixed Platforms.ActiveCfg = Debug|x86
		{5D4BB3F9-D6B5-44CE-B157-993587C8ACF9}.Debug|Mixed Platforms.Build.0 = Debug|x86
		{5D4BB3F9-D6B5-44CE-B157-993587C8ACF9}.Debug|x86.ActiveCfg = Debug|x86
		{5D4BB3F9-D6B5-44CE-B157-993587C8ACF9}.Debug|x86.Build.0 = Debug|x86
		{5D4BB3F9-D6B5-44CE-B157-993587C8ACF9}.Release|Any CPU.ActiveCfg = Release|x86
		{5D4BB3F9-D6B5-44CE-B157-993587C8ACF9}.Release|Any CPU.Build.0 = Release|x86
		{5D4BB3F9-D6B5-44CE-B157-993587C8ACF9}.Release|Mixed Platforms.ActiveCfg = Release|x86
		{5D4BB3F9-D6B5-44CE-B157-993587C8ACF9}.Release|Mixed Platforms.Build.0 = Release|x86
		{5D4BB3F9-D6B5-44CE-B157-993587C8ACF9}.Release|x86.ActiveCfg = Release|x86
		{5D4BB3F9-D6B5-44CE-B157-993587C8ACF9}.Release|x86.Build.0 = Release|x86
		{42244DCC-4326-4E7A-BB6B-CCD8CA544D85}.Debug|Any CPU.ActiveCfg = Debug|Any CPU
		{42244DCC-4326-4E7A-BB6B-CCD8CA544D85}.Debug|Any CPU.Build.0 = Debug|Any CPU
		{42244DCC-4326-4E7A-BB6B-CCD8CA544D85}.Debug|Mixed Platforms.ActiveCfg = Debug|Any CPU
		{42244DCC-4326-4E7A-BB6B-CCD8CA544D85}.Debug|Mixed Platforms.Build.0 = Debug|Any CPU
		{42244DCC-4326-4E7A-BB6B-CCD8CA544D85}.Debug|x86.ActiveCfg = Debug|Any CPU
		{42244DCC-4326-4E7A-BB6B-CCD8CA544D85}.Release|Any CPU.ActiveCfg = Release|Any CPU
		{42244DCC-4326-4E7A-BB6B-CCD8CA544D85}.Release|Any CPU.Build.0 = Release|Any CPU
		{42244DCC-4326-4E7A-BB6B-CCD8CA544D85}.Release|Mixed Platforms.ActiveCfg = Release|Any CPU
		{42244DCC-4326-4E7A-BB6B-CCD8CA544D85}.Release|Mixed Platforms.Build.0 = Release|Any CPU
		{42244DCC-4326-4E7A-BB6B-CCD8CA544D85}.Release|x86.ActiveCfg = Release|Any CPU
		{42244DCC-4326-4E7A-BB6B-CCD8CA544D85}.Release|x86.Build.0 = Release|Any CPU
		{5BAF0FBA-31B7-406D-BEA4-1BCC1418A63F}.Debug|Any CPU.ActiveCfg = Debug|Any CPU
		{5BAF0FBA-31B7-406D-BEA4-1BCC1418A63F}.Debug|Any CPU.Build.0 = Debug|Any CPU
		{5BAF0FBA-31B7-406D-BEA4-1BCC1418A63F}.Debug|Mixed Platforms.ActiveCfg = Debug|Any CPU
		{5BAF0FBA-31B7-406D-BEA4-1BCC1418A63F}.Debug|Mixed Platforms.Build.0 = Debug|Any CPU
		{5BAF0FBA-31B7-406D-BEA4-1BCC1418A63F}.Debug|x86.ActiveCfg = Debug|Any CPU
		{5BAF0FBA-31B7-406D-BEA4-1BCC1418A63F}.Release|Any CPU.ActiveCfg = Release|Any CPU
		{5BAF0FBA-31B7-406D-BEA4-1BCC1418A63F}.Release|Any CPU.Build.0 = Release|Any CPU
		{5BAF0FBA-31B7-406D-BEA4-1BCC1418A63F}.Release|Mixed Platforms.ActiveCfg = Release|Any CPU
		{5BAF0FBA-31B7-406D-BEA4-1BCC1418A63F}.Release|Mixed Platforms.Build.0 = Release|Any CPU
		{5BAF0FBA-31B7-406D-BEA4-1BCC1418A63F}.Release|x86.ActiveCfg = Release|Any CPU
		{5BAF0FBA-31B7-406D-BEA4-1BCC1418A63F}.Release|x86.Build.0 = Release|Any CPU
		{1C719CD3-0559-4A12-8B57-F58053947DC1}.Debug|Any CPU.ActiveCfg = Debug|Any CPU
		{1C719CD3-0559-4A12-8B57-F58053947DC1}.Debug|Any CPU.Build.0 = Debug|Any CPU
		{1C719CD3-0559-4A12-8B57-F58053947DC1}.Debug|Mixed Platforms.ActiveCfg = Debug|Any CPU
		{1C719CD3-0559-4A12-8B57-F58053947DC1}.Debug|Mixed Platforms.Build.0 = Debug|Any CPU
		{1C719CD3-0559-4A12-8B57-F58053947DC1}.Debug|x86.ActiveCfg = Debug|Any CPU
		{1C719CD3-0559-4A12-8B57-F58053947DC1}.Release|Any CPU.ActiveCfg = Release|Any CPU
		{1C719CD3-0559-4A12-8B57-F58053947DC1}.Release|Any CPU.Build.0 = Release|Any CPU
		{1C719CD3-0559-4A12-8B57-F58053947DC1}.Release|Mixed Platforms.ActiveCfg = Release|Any CPU
		{1C719CD3-0559-4A12-8B57-F58053947DC1}.Release|Mixed Platforms.Build.0 = Release|Any CPU
		{1C719CD3-0559-4A12-8B57-F58053947DC1}.Release|x86.ActiveCfg = Release|Any CPU
		{1C719CD3-0559-4A12-8B57-F58053947DC1}.Release|x86.Build.0 = Release|Any CPU
		{1B09EACC-608A-4965-8B46-2746FAC220FC}.Debug|Any CPU.ActiveCfg = Debug|Any CPU
		{1B09EACC-608A-4965-8B46-2746FAC220FC}.Debug|Any CPU.Build.0 = Debug|Any CPU
		{1B09EACC-608A-4965-8B46-2746FAC220FC}.Debug|Mixed Platforms.ActiveCfg = Debug|Any CPU
		{1B09EACC-608A-4965-8B46-2746FAC220FC}.Debug|Mixed Platforms.Build.0 = Debug|Any CPU
		{1B09EACC-608A-4965-8B46-2746FAC220FC}.Debug|x86.ActiveCfg = Debug|Any CPU
		{1B09EACC-608A-4965-8B46-2746FAC220FC}.Release|Any CPU.ActiveCfg = Release|Any CPU
		{1B09EACC-608A-4965-8B46-2746FAC220FC}.Release|Any CPU.Build.0 = Release|Any CPU
		{1B09EACC-608A-4965-8B46-2746FAC220FC}.Release|Mixed Platforms.ActiveCfg = Release|Any CPU
		{1B09EACC-608A-4965-8B46-2746FAC220FC}.Release|Mixed Platforms.Build.0 = Release|Any CPU
		{1B09EACC-608A-4965-8B46-2746FAC220FC}.Release|x86.ActiveCfg = Release|Any CPU
		{1B09EACC-608A-4965-8B46-2746FAC220FC}.Release|x86.Build.0 = Release|Any CPU
		{91004B7F-1FB7-4C90-8102-7C683C71E0DC}.Debug|Any CPU.ActiveCfg = Debug|Any CPU
		{91004B7F-1FB7-4C90-8102-7C683C71E0DC}.Debug|Any CPU.Build.0 = Debug|Any CPU
		{91004B7F-1FB7-4C90-8102-7C683C71E0DC}.Debug|Mixed Platforms.ActiveCfg = Debug|Any CPU
		{91004B7F-1FB7-4C90-8102-7C683C71E0DC}.Debug|Mixed Platforms.Build.0 = Debug|Any CPU
		{91004B7F-1FB7-4C90-8102-7C683C71E0DC}.Debug|x86.ActiveCfg = Debug|Any CPU
		{91004B7F-1FB7-4C90-8102-7C683C71E0DC}.Release|Any CPU.ActiveCfg = Release|Any CPU
		{91004B7F-1FB7-4C90-8102-7C683C71E0DC}.Release|Any CPU.Build.0 = Release|Any CPU
		{91004B7F-1FB7-4C90-8102-7C683C71E0DC}.Release|Mixed Platforms.ActiveCfg = Release|Any CPU
		{91004B7F-1FB7-4C90-8102-7C683C71E0DC}.Release|Mixed Platforms.Build.0 = Release|Any CPU
		{91004B7F-1FB7-4C90-8102-7C683C71E0DC}.Release|x86.ActiveCfg = Release|Any CPU
		{91004B7F-1FB7-4C90-8102-7C683C71E0DC}.Release|x86.Build.0 = Release|Any CPU
		{B390E0A5-8733-4B8C-ABEE-6BF5A74F6B67}.Debug|Any CPU.ActiveCfg = Debug|Any CPU
		{B390E0A5-8733-4B8C-ABEE-6BF5A74F6B67}.Debug|Any CPU.Build.0 = Debug|Any CPU
		{B390E0A5-8733-4B8C-ABEE-6BF5A74F6B67}.Debug|Mixed Platforms.ActiveCfg = Debug|Any CPU
		{B390E0A5-8733-4B8C-ABEE-6BF5A74F6B67}.Debug|Mixed Platforms.Build.0 = Debug|Any CPU
		{B390E0A5-8733-4B8C-ABEE-6BF5A74F6B67}.Debug|x86.ActiveCfg = Debug|Any CPU
		{B390E0A5-8733-4B8C-ABEE-6BF5A74F6B67}.Release|Any CPU.ActiveCfg = Release|Any CPU
		{B390E0A5-8733-4B8C-ABEE-6BF5A74F6B67}.Release|Any CPU.Build.0 = Release|Any CPU
		{B390E0A5-8733-4B8C-ABEE-6BF5A74F6B67}.Release|Mixed Platforms.ActiveCfg = Release|Any CPU
		{B390E0A5-8733-4B8C-ABEE-6BF5A74F6B67}.Release|Mixed Platforms.Build.0 = Release|Any CPU
		{B390E0A5-8733-4B8C-ABEE-6BF5A74F6B67}.Release|x86.ActiveCfg = Release|Any CPU
		{B390E0A5-8733-4B8C-ABEE-6BF5A74F6B67}.Release|x86.Build.0 = Release|Any CPU
		{D65BDE42-D396-458C-BE08-104477314657}.Debug|Any CPU.ActiveCfg = Debug|Any CPU
		{D65BDE42-D396-458C-BE08-104477314657}.Debug|Any CPU.Build.0 = Debug|Any CPU
		{D65BDE42-D396-458C-BE08-104477314657}.Debug|Mixed Platforms.ActiveCfg = Debug|Any CPU
		{D65BDE42-D396-458C-BE08-104477314657}.Debug|Mixed Platforms.Build.0 = Debug|Any CPU
		{D65BDE42-D396-458C-BE08-104477314657}.Debug|x86.ActiveCfg = Debug|Any CPU
		{D65BDE42-D396-458C-BE08-104477314657}.Release|Any CPU.ActiveCfg = Release|Any CPU
		{D65BDE42-D396-458C-BE08-104477314657}.Release|Any CPU.Build.0 = Release|Any CPU
		{D65BDE42-D396-458C-BE08-104477314657}.Release|Mixed Platforms.ActiveCfg = Release|Any CPU
		{D65BDE42-D396-458C-BE08-104477314657}.Release|Mixed Platforms.Build.0 = Release|Any CPU
		{D65BDE42-D396-458C-BE08-104477314657}.Release|x86.ActiveCfg = Release|Any CPU
		{D65BDE42-D396-458C-BE08-104477314657}.Release|x86.Build.0 = Release|Any CPU
		{7DAE51E2-3A17-4941-AD36-D61170069366}.Debug|Any CPU.ActiveCfg = Debug|x86
		{7DAE51E2-3A17-4941-AD36-D61170069366}.Debug|Mixed Platforms.ActiveCfg = Debug|x86
		{7DAE51E2-3A17-4941-AD36-D61170069366}.Debug|Mixed Platforms.Build.0 = Debug|x86
		{7DAE51E2-3A17-4941-AD36-D61170069366}.Debug|x86.ActiveCfg = Debug|x86
		{7DAE51E2-3A17-4941-AD36-D61170069366}.Debug|x86.Build.0 = Debug|x86
		{7DAE51E2-3A17-4941-AD36-D61170069366}.Release|Any CPU.ActiveCfg = Release|x86
		{7DAE51E2-3A17-4941-AD36-D61170069366}.Release|Any CPU.Build.0 = Release|x86
		{7DAE51E2-3A17-4941-AD36-D61170069366}.Release|Mixed Platforms.ActiveCfg = Release|x86
		{7DAE51E2-3A17-4941-AD36-D61170069366}.Release|Mixed Platforms.Build.0 = Release|x86
		{7DAE51E2-3A17-4941-AD36-D61170069366}.Release|x86.ActiveCfg = Release|x86
		{7DAE51E2-3A17-4941-AD36-D61170069366}.Release|x86.Build.0 = Release|x86
		{01980AC2-861E-4BA3-9EFD-FD79AA88F7F5}.Debug|Any CPU.ActiveCfg = Debug|Any CPU
		{01980AC2-861E-4BA3-9EFD-FD79AA88F7F5}.Debug|Any CPU.Build.0 = Debug|Any CPU
		{01980AC2-861E-4BA3-9EFD-FD79AA88F7F5}.Debug|Mixed Platforms.ActiveCfg = Debug|Any CPU
		{01980AC2-861E-4BA3-9EFD-FD79AA88F7F5}.Debug|Mixed Platforms.Build.0 = Debug|Any CPU
		{01980AC2-861E-4BA3-9EFD-FD79AA88F7F5}.Debug|x86.ActiveCfg = Debug|Any CPU
		{01980AC2-861E-4BA3-9EFD-FD79AA88F7F5}.Release|Any CPU.ActiveCfg = Release|Any CPU
		{01980AC2-861E-4BA3-9EFD-FD79AA88F7F5}.Release|Any CPU.Build.0 = Release|Any CPU
		{01980AC2-861E-4BA3-9EFD-FD79AA88F7F5}.Release|Mixed Platforms.ActiveCfg = Release|Any CPU
		{01980AC2-861E-4BA3-9EFD-FD79AA88F7F5}.Release|Mixed Platforms.Build.0 = Release|Any CPU
		{01980AC2-861E-4BA3-9EFD-FD79AA88F7F5}.Release|x86.ActiveCfg = Release|Any CPU
		{01980AC2-861E-4BA3-9EFD-FD79AA88F7F5}.Release|x86.Build.0 = Release|Any CPU
	EndGlobalSection
	GlobalSection(SolutionProperties) = preSolution
		HideSolutionNode = FALSE
	EndGlobalSection
	GlobalSection(NestedProjects) = preSolution
		{A090E3B0-0516-44F3-9FBA-6EF8CB21926E} = {020587D2-50BA-4E6D-9BD5-1059EBCC13D7}
		{0DDC2026-FA70-405A-B3A5-39C1886AFA15} = {020587D2-50BA-4E6D-9BD5-1059EBCC13D7}
		{B75AEC02-64BD-4B31-8115-6708C64EE5DC} = {020587D2-50BA-4E6D-9BD5-1059EBCC13D7}
		{DFF3E1AE-8919-42A9-8320-A6CC5E4E154F} = {020587D2-50BA-4E6D-9BD5-1059EBCC13D7}
		{17103A48-DB90-4101-92EE-7B2719DB2CF0} = {020587D2-50BA-4E6D-9BD5-1059EBCC13D7}
		{319C1C63-44C0-4A68-A028-222D72029FE8} = {62D91EA2-A776-44C2-8891-2CA45A01A365}
		{3148144C-1649-440E-A9B4-1D5C41677262} = {62D91EA2-A776-44C2-8891-2CA45A01A365}
		{2238E587-6FAA-4A07-A665-AA7FCC9B5602} = {62D91EA2-A776-44C2-8891-2CA45A01A365}
		{12060C25-C65C-445E-AE07-EB2780B57AE9} = {55E40801-E853-4AFD-806C-06969CE72CB0}
		{C606E7BF-43A2-474B-8121-CA27405A5ED7} = {55E40801-E853-4AFD-806C-06969CE72CB0}
		{B41A47C0-B919-494F-89C5-04FEA6FC5BE2} = {55E40801-E853-4AFD-806C-06969CE72CB0}
		{229E26F1-6FBF-4045-82BF-64550AE5FF2C} = {C606E7BF-43A2-474B-8121-CA27405A5ED7}
		{FA1A3290-304A-4301-8CC3-92401FE76FE5} = {60932BEE-68D9-4337-9FE8-1F8CCF77F989}
		{C64ED336-25F3-4618-AC96-9BFE839010FF} = {FA1A3290-304A-4301-8CC3-92401FE76FE5}
		{1C719CD3-0559-4A12-8B57-F58053947DC1} = {319C1C63-44C0-4A68-A028-222D72029FE8}
		{D65BDE42-D396-458C-BE08-104477314657} = {319C1C63-44C0-4A68-A028-222D72029FE8}
		{7DAE51E2-3A17-4941-AD36-D61170069366} = {319C1C63-44C0-4A68-A028-222D72029FE8}
	EndGlobalSection
EndGlobal
