
Microsoft Visual Studio Solution File, Format Version 11.00
# Visual Studio 2010
Project("{2150E333-8FDC-42A3-9474-1A3956D46DE8}") = "Frontends", "Frontends", "{020587D2-50BA-4E6D-9BD5-1059EBCC13D7}"
EndProject
Project("{2150E333-8FDC-42A3-9474-1A3956D46DE8}") = "Generators", "Generators", "{62D91EA2-A776-44C2-8891-2CA45A01A365}"
EndProject
Project("{F2A71F9B-5D33-465A-A702-920D77279786}") = "Common", "Common\Common.fsproj", "{10EA63AB-6F4E-4925-B0A3-4F9BF8E17A08}"
EndProject
Project("{F2A71F9B-5D33-465A-A702-920D77279786}") = "YaccConstructor", "Main\YaccConstructor.fsproj", "{E9A0E63B-EAD7-43DE-8823-13FAA6B2B972}"
	ProjectSection(ProjectDependencies) = postProject
		{79A37C58-942E-47E9-9C12-DC1DEE00E52E} = {79A37C58-942E-47E9-9C12-DC1DEE00E52E}
		{A1086E68-33A9-41F8-BF49-42C7C3AFE6CB} = {A1086E68-33A9-41F8-BF49-42C7C3AFE6CB}
		{3A217E72-934E-436C-B104-D9A9DB22569B} = {3A217E72-934E-436C-B104-D9A9DB22569B}
	EndProjectSection
EndProject
Project("{F2A71F9B-5D33-465A-A702-920D77279786}") = "YardFrontend", "YardFrontend\YardFrontend.fsproj", "{A090E3B0-0516-44F3-9FBA-6EF8CB21926E}"
EndProject
Project("{F2A71F9B-5D33-465A-A702-920D77279786}") = "Convertions", "Convertions\Convertions.fsproj", "{96AB0183-84E1-4A2E-8896-9EAD2C8CF6A4}"
EndProject
Project("{F2A71F9B-5D33-465A-A702-920D77279786}") = "YardFrontend.Test", "YardFrontend.Test\YardFrontend.Test.fsproj", "{5936D84D-A842-43B3-97FD-E2C6990E77DB}"
EndProject
Project("{F2A71F9B-5D33-465A-A702-920D77279786}") = "IronyFrontend", "IronyFrontend\IronyFrontend.fsproj", "{0DDC2026-FA70-405A-B3A5-39C1886AFA15}"
EndProject
Project("{F2A71F9B-5D33-465A-A702-920D77279786}") = "FParsecGenerator", "FParsecGenerator\FParsecGenerator.fsproj", "{EC8D87C9-3910-4E6A-9C30-1E5C9BA8E73C}"
EndProject
Project("{2150E333-8FDC-42A3-9474-1A3956D46DE8}") = "Tests", "Tests", "{55E40801-E853-4AFD-806C-06969CE72CB0}"
EndProject
Project("{F2A71F9B-5D33-465A-A702-920D77279786}") = "Tester", "Tester\Tester.fsproj", "{574E1121-922C-4132-920C-98B5E4ADD5A3}"
EndProject
Project("{2150E333-8FDC-42A3-9474-1A3956D46DE8}") = "GNESCC", "GNESCC", "{5B0AD554-6DB3-43CA-878A-58874B89CAE2}"
EndProject
Project("{F2A71F9B-5D33-465A-A702-920D77279786}") = "GNESCCCore", "GNESCCCore\GNESCCCore.fsproj", "{18C1EA93-AFBD-45D6-B8AB-E8D17FF53D19}"
EndProject
Project("{F2A71F9B-5D33-465A-A702-920D77279786}") = "GNESCCGenerator", "GNESCCGenerator\GNESCCGenerator.fsproj", "{D497F18A-2C35-4D21-A0CA-01E20ED9A537}"
EndProject
Project("{F2A71F9B-5D33-465A-A702-920D77279786}") = "GNESCCCommon", "GNESCCCommon\GNESCCCommon.fsproj", "{EB0A41F1-11DC-4F49-BBB6-6825A0EE576F}"
EndProject
Project("{F2A71F9B-5D33-465A-A702-920D77279786}") = "GNESCCUserApplication", "GNESCCUserApplication\GNESCCUserApplication.fsproj", "{41F3C60A-2738-44FE-9889-D666C7E046C2}"
EndProject
Project("{F2A71F9B-5D33-465A-A702-920D77279786}") = "YardPrinter", "YardPrinter\YardPrinter.fsproj", "{3148144C-1649-440E-A9B4-1D5C41677262}"
EndProject
Project("{2150E333-8FDC-42A3-9474-1A3956D46DE8}") = "TempTests", "TempTests", "{12060C25-C65C-445E-AE07-EB2780B57AE9}"
EndProject
Project("{2150E333-8FDC-42A3-9474-1A3956D46DE8}") = "RACC", "RACC", "{C606E7BF-43A2-474B-8121-CA27405A5ED7}"
EndProject
Project("{2150E333-8FDC-42A3-9474-1A3956D46DE8}") = "test_alt", "test_alt", "{229E26F1-6FBF-4045-82BF-64550AE5FF2C}"
	ProjectSection(SolutionItems) = preProject
		..\Tests\RACC\test_alt\test_alt.yrd = ..\Tests\RACC\test_alt\test_alt.yrd
		..\Tests\RACC\test_alt\test_alt_1.yrd.in = ..\Tests\RACC\test_alt\test_alt_1.yrd.in
		..\Tests\RACC\test_alt\test_alt_2.yrd.in = ..\Tests\RACC\test_alt\test_alt_2.yrd.in
	EndProjectSection
EndProject
Project("{F2A71F9B-5D33-465A-A702-920D77279786}") = "AntlrFrontend", "AntlrToYard\AntlrFrontend.fsproj", "{B75AEC02-64BD-4B31-8115-6708C64EE5DC}"
EndProject
Project("{F2A71F9B-5D33-465A-A702-920D77279786}") = "GNESCCCore.Test", "GNESCCCore.Test\GNESCCCore.Test.fsproj", "{A4A7A18D-971E-46AA-BD73-18AE9234F450}"
EndProject
Project("{2150E333-8FDC-42A3-9474-1A3956D46DE8}") = "test_cls", "test_cls", "{644C6234-BBD8-4E22-AB92-6AEEC4B54895}"
EndProject
Project("{2150E333-8FDC-42A3-9474-1A3956D46DE8}") = "test_cls_with_head", "test_cls_with_head", "{53281A66-089D-493D-9771-1445D5D7E87A}"
EndProject
Project("{F2A71F9B-5D33-465A-A702-920D77279786}") = "IronyFrontend.Test", "IronyFrontend.Test\IronyFrontend.Test.fsproj", "{DFF3E1AE-8919-42A9-8320-A6CC5E4E154F}"
EndProject
Project("{2150E333-8FDC-42A3-9474-1A3956D46DE8}") = "IronyFrontend", "IronyFrontend", "{B41A47C0-B919-494F-89C5-04FEA6FC5BE2}"
EndProject
Project("{FAE04EC0-301F-11D3-BF4B-00C04F79EFBC}") = "IronyFrontendTests", "IronyFrontendTests\IronyFrontendTests.csproj", "{61B73DE1-F585-488D-B842-923CBFCD092C}"
EndProject
Project("{F2A71F9B-5D33-465A-A702-920D77279786}") = "Convertions.Test", "Convertions.Test\Convertions.Test.fsproj", "{8EAAC2A1-D03A-4F42-9182-D294A3DB9FDF}"
EndProject
Project("{F2A71F9B-5D33-465A-A702-920D77279786}") = "FsYaccPrinter", "FsYaccPrinter\FsYaccPrinter.fsproj", "{2238E587-6FAA-4A07-A665-AA7FCC9B5602}"
EndProject
Project("{F2A71F9B-5D33-465A-A702-920D77279786}") = "FsYaccFrontend", "FsYaccFrontend\FsYaccFrontend.fsproj", "{17103A48-DB90-4101-92EE-7B2719DB2CF0}"
EndProject
Project("{F2A71F9B-5D33-465A-A702-920D77279786}") = "TreeDump", "TreeDump\TreeDump.fsproj", "{99DFB4E9-46C5-4767-9646-BA49B2B6A664}"
EndProject
Project("{F2A71F9B-5D33-465A-A702-920D77279786}") = "FAL", "FAL\FAL.fsproj", "{87813C95-A950-43CD-A783-3B71C51B852A}"
EndProject
Project("{F2A71F9B-5D33-465A-A702-920D77279786}") = "FAL.Test", "FAL.Test\FAL.Test.fsproj", "{F9EDEF43-8A01-42E2-BD3C-DAAC07A68293}"
EndProject
Project("{2150E333-8FDC-42A3-9474-1A3956D46DE8}") = "Development", "Development", "{60932BEE-68D9-4337-9FE8-1F8CCF77F989}"
EndProject
Project("{2150E333-8FDC-42A3-9474-1A3956D46DE8}") = "Tools", "Tools", "{FA1A3290-304A-4301-8CC3-92401FE76FE5}"
EndProject
Project("{F2A71F9B-5D33-465A-A702-920D77279786}") = "TablesPrinter", "TablesPrinter\TablesPrinter.fsproj", "{C64ED336-25F3-4618-AC96-9BFE839010FF}"
EndProject
Project("{FAE04EC0-301F-11D3-BF4B-00C04F79EFBC}") = "UIComponents", "UIComponents\UIComponents.csproj", "{2966AB44-8F8B-4F97-AB3D-800AFC4A9954}"
EndProject
Project("{FAE04EC0-301F-11D3-BF4B-00C04F79EFBC}") = "FrontendImpl", "FrontendImpl\FrontendImpl.csproj", "{5D4BB3F9-D6B5-44CE-B157-993587C8ACF9}"
EndProject
Project("{2150E333-8FDC-42A3-9474-1A3956D46DE8}") = "RACC", "RACC", "{D60754B6-A63E-482E-93F2-FC780F20844A}"
EndProject
Project("{F2A71F9B-5D33-465A-A702-920D77279786}") = "RACCCore", "RACCCore\RACCCore.fsproj", "{7074A0B2-A3D6-4BC4-BA0F-C89118D76C7B}"
	ProjectSection(ProjectDependencies) = postProject
		{3A217E72-934E-436C-B104-D9A9DB22569B} = {3A217E72-934E-436C-B104-D9A9DB22569B}
	EndProjectSection
EndProject
Project("{F2A71F9B-5D33-465A-A702-920D77279786}") = "RACCCommon", "RACCCommon\RACCCommon.fsproj", "{3A217E72-934E-436C-B104-D9A9DB22569B}"
EndProject
Project("{F2A71F9B-5D33-465A-A702-920D77279786}") = "RACCCore.Test", "RACCCore.Test\RACCCore.Test.fsproj", "{A03E9238-9C7C-43A3-AFEF-CD87313F7B2E}"
EndProject
Project("{F2A71F9B-5D33-465A-A702-920D77279786}") = "RACCFiniteAutomata", "RACCFiniteAutomata\RACCFiniteAutomata.fsproj", "{79A37C58-942E-47E9-9C12-DC1DEE00E52E}"
EndProject
Project("{F2A71F9B-5D33-465A-A702-920D77279786}") = "RACCGenerator", "RACCGenerator\RACCGenerator.fsproj", "{A1086E68-33A9-41F8-BF49-42C7C3AFE6CB}"
	ProjectSection(ProjectDependencies) = postProject
		{3A217E72-934E-436C-B104-D9A9DB22569B} = {3A217E72-934E-436C-B104-D9A9DB22569B}
		{7074A0B2-A3D6-4BC4-BA0F-C89118D76C7B} = {7074A0B2-A3D6-4BC4-BA0F-C89118D76C7B}
	EndProjectSection
EndProject
Project("{F2A71F9B-5D33-465A-A702-920D77279786}") = "RACCTester", "RACCTester\RACCTester.fsproj", "{A63CA12D-76B0-4739-A076-76F62030E6B0}"
EndProject
Project("{F2A71F9B-5D33-465A-A702-920D77279786}") = "RACCUserApplication", "RACCUserApplication\RACCUserApplication.fsproj", "{DACDFA46-D766-41E7-A692-2E86F968B0F3}"
EndProject
Project("{F2A71F9B-5D33-465A-A702-920D77279786}") = "GNESCCGenerator.Test", "GNESCCGenerator.Test\GNESCCGenerator.Test.fsproj", "{47A4BCB4-06E1-4217-8935-AC751985D647}"
EndProject
Project("{F2A71F9B-5D33-465A-A702-920D77279786}") = "Common.Test", "Common.Test\Common.Test.fsproj", "{42244DCC-4326-4E7A-BB6B-CCD8CA544D85}"
EndProject
Global
	GlobalSection(SolutionConfigurationPlatforms) = preSolution
		Debug|Any CPU = Debug|Any CPU
		Debug|Mixed Platforms = Debug|Mixed Platforms
		Debug|x86 = Debug|x86
		Release|Any CPU = Release|Any CPU
		Release|Mixed Platforms = Release|Mixed Platforms
		Release|x86 = Release|x86
	EndGlobalSection
	GlobalSection(ProjectConfigurationPlatforms) = postSolution
		{10EA63AB-6F4E-4925-B0A3-4F9BF8E17A08}.Debug|Any CPU.ActiveCfg = Debug|Any CPU
		{10EA63AB-6F4E-4925-B0A3-4F9BF8E17A08}.Debug|Any CPU.Build.0 = Debug|Any CPU
		{10EA63AB-6F4E-4925-B0A3-4F9BF8E17A08}.Debug|Mixed Platforms.ActiveCfg = Debug|Any CPU
		{10EA63AB-6F4E-4925-B0A3-4F9BF8E17A08}.Debug|Mixed Platforms.Build.0 = Debug|Any CPU
		{10EA63AB-6F4E-4925-B0A3-4F9BF8E17A08}.Debug|x86.ActiveCfg = Debug|Any CPU
		{10EA63AB-6F4E-4925-B0A3-4F9BF8E17A08}.Debug|x86.Build.0 = Debug|Any CPU
		{10EA63AB-6F4E-4925-B0A3-4F9BF8E17A08}.Release|Any CPU.ActiveCfg = Release|Any CPU
		{10EA63AB-6F4E-4925-B0A3-4F9BF8E17A08}.Release|Any CPU.Build.0 = Release|Any CPU
		{10EA63AB-6F4E-4925-B0A3-4F9BF8E17A08}.Release|Mixed Platforms.ActiveCfg = Release|Any CPU
		{10EA63AB-6F4E-4925-B0A3-4F9BF8E17A08}.Release|Mixed Platforms.Build.0 = Release|Any CPU
		{10EA63AB-6F4E-4925-B0A3-4F9BF8E17A08}.Release|x86.ActiveCfg = Release|Any CPU
		{10EA63AB-6F4E-4925-B0A3-4F9BF8E17A08}.Release|x86.Build.0 = Release|Any CPU
		{E9A0E63B-EAD7-43DE-8823-13FAA6B2B972}.Debug|Any CPU.ActiveCfg = Debug|Any CPU
		{E9A0E63B-EAD7-43DE-8823-13FAA6B2B972}.Debug|Any CPU.Build.0 = Debug|Any CPU
		{E9A0E63B-EAD7-43DE-8823-13FAA6B2B972}.Debug|Mixed Platforms.ActiveCfg = Debug|Any CPU
		{E9A0E63B-EAD7-43DE-8823-13FAA6B2B972}.Debug|Mixed Platforms.Build.0 = Debug|Any CPU
		{E9A0E63B-EAD7-43DE-8823-13FAA6B2B972}.Debug|x86.ActiveCfg = Debug|Any CPU
		{E9A0E63B-EAD7-43DE-8823-13FAA6B2B972}.Debug|x86.Build.0 = Debug|Any CPU
		{E9A0E63B-EAD7-43DE-8823-13FAA6B2B972}.Release|Any CPU.ActiveCfg = Release|Any CPU
		{E9A0E63B-EAD7-43DE-8823-13FAA6B2B972}.Release|Any CPU.Build.0 = Release|Any CPU
		{E9A0E63B-EAD7-43DE-8823-13FAA6B2B972}.Release|Mixed Platforms.ActiveCfg = Release|Any CPU
		{E9A0E63B-EAD7-43DE-8823-13FAA6B2B972}.Release|Mixed Platforms.Build.0 = Release|Any CPU
		{E9A0E63B-EAD7-43DE-8823-13FAA6B2B972}.Release|x86.ActiveCfg = Release|Any CPU
		{E9A0E63B-EAD7-43DE-8823-13FAA6B2B972}.Release|x86.Build.0 = Release|Any CPU
		{A090E3B0-0516-44F3-9FBA-6EF8CB21926E}.Debug|Any CPU.ActiveCfg = Debug|Any CPU
		{A090E3B0-0516-44F3-9FBA-6EF8CB21926E}.Debug|Any CPU.Build.0 = Debug|Any CPU
		{A090E3B0-0516-44F3-9FBA-6EF8CB21926E}.Debug|Mixed Platforms.ActiveCfg = Debug|Any CPU
		{A090E3B0-0516-44F3-9FBA-6EF8CB21926E}.Debug|Mixed Platforms.Build.0 = Debug|Any CPU
		{A090E3B0-0516-44F3-9FBA-6EF8CB21926E}.Debug|x86.ActiveCfg = Debug|Any CPU
		{A090E3B0-0516-44F3-9FBA-6EF8CB21926E}.Debug|x86.Build.0 = Debug|Any CPU
		{A090E3B0-0516-44F3-9FBA-6EF8CB21926E}.Release|Any CPU.ActiveCfg = Release|Any CPU
		{A090E3B0-0516-44F3-9FBA-6EF8CB21926E}.Release|Any CPU.Build.0 = Release|Any CPU
		{A090E3B0-0516-44F3-9FBA-6EF8CB21926E}.Release|Mixed Platforms.ActiveCfg = Release|Any CPU
		{A090E3B0-0516-44F3-9FBA-6EF8CB21926E}.Release|Mixed Platforms.Build.0 = Release|Any CPU
		{A090E3B0-0516-44F3-9FBA-6EF8CB21926E}.Release|x86.ActiveCfg = Release|Any CPU
		{A090E3B0-0516-44F3-9FBA-6EF8CB21926E}.Release|x86.Build.0 = Release|Any CPU
		{96AB0183-84E1-4A2E-8896-9EAD2C8CF6A4}.Debug|Any CPU.ActiveCfg = Debug|Any CPU
		{96AB0183-84E1-4A2E-8896-9EAD2C8CF6A4}.Debug|Any CPU.Build.0 = Debug|Any CPU
		{96AB0183-84E1-4A2E-8896-9EAD2C8CF6A4}.Debug|Mixed Platforms.ActiveCfg = Debug|Any CPU
		{96AB0183-84E1-4A2E-8896-9EAD2C8CF6A4}.Debug|Mixed Platforms.Build.0 = Debug|Any CPU
		{96AB0183-84E1-4A2E-8896-9EAD2C8CF6A4}.Debug|x86.ActiveCfg = Debug|Any CPU
		{96AB0183-84E1-4A2E-8896-9EAD2C8CF6A4}.Debug|x86.Build.0 = Debug|Any CPU
		{96AB0183-84E1-4A2E-8896-9EAD2C8CF6A4}.Release|Any CPU.ActiveCfg = Release|Any CPU
		{96AB0183-84E1-4A2E-8896-9EAD2C8CF6A4}.Release|Any CPU.Build.0 = Release|Any CPU
		{96AB0183-84E1-4A2E-8896-9EAD2C8CF6A4}.Release|Mixed Platforms.ActiveCfg = Release|Any CPU
		{96AB0183-84E1-4A2E-8896-9EAD2C8CF6A4}.Release|Mixed Platforms.Build.0 = Release|Any CPU
		{96AB0183-84E1-4A2E-8896-9EAD2C8CF6A4}.Release|x86.ActiveCfg = Release|Any CPU
		{96AB0183-84E1-4A2E-8896-9EAD2C8CF6A4}.Release|x86.Build.0 = Release|Any CPU
		{5936D84D-A842-43B3-97FD-E2C6990E77DB}.Debug|Any CPU.ActiveCfg = Debug|Any CPU
		{5936D84D-A842-43B3-97FD-E2C6990E77DB}.Debug|Any CPU.Build.0 = Debug|Any CPU
		{5936D84D-A842-43B3-97FD-E2C6990E77DB}.Debug|Mixed Platforms.ActiveCfg = Debug|Any CPU
		{5936D84D-A842-43B3-97FD-E2C6990E77DB}.Debug|Mixed Platforms.Build.0 = Debug|Any CPU
		{5936D84D-A842-43B3-97FD-E2C6990E77DB}.Debug|x86.ActiveCfg = Debug|Any CPU
		{5936D84D-A842-43B3-97FD-E2C6990E77DB}.Debug|x86.Build.0 = Debug|Any CPU
		{5936D84D-A842-43B3-97FD-E2C6990E77DB}.Release|Any CPU.ActiveCfg = Release|Any CPU
		{5936D84D-A842-43B3-97FD-E2C6990E77DB}.Release|Any CPU.Build.0 = Release|Any CPU
		{5936D84D-A842-43B3-97FD-E2C6990E77DB}.Release|Mixed Platforms.ActiveCfg = Release|Any CPU
		{5936D84D-A842-43B3-97FD-E2C6990E77DB}.Release|Mixed Platforms.Build.0 = Release|Any CPU
		{5936D84D-A842-43B3-97FD-E2C6990E77DB}.Release|x86.ActiveCfg = Release|Any CPU
		{5936D84D-A842-43B3-97FD-E2C6990E77DB}.Release|x86.Build.0 = Release|Any CPU
		{0DDC2026-FA70-405A-B3A5-39C1886AFA15}.Debug|Any CPU.ActiveCfg = Debug|Any CPU
		{0DDC2026-FA70-405A-B3A5-39C1886AFA15}.Debug|Any CPU.Build.0 = Debug|Any CPU
		{0DDC2026-FA70-405A-B3A5-39C1886AFA15}.Debug|Mixed Platforms.ActiveCfg = Debug|Any CPU
		{0DDC2026-FA70-405A-B3A5-39C1886AFA15}.Debug|Mixed Platforms.Build.0 = Debug|Any CPU
		{0DDC2026-FA70-405A-B3A5-39C1886AFA15}.Debug|x86.ActiveCfg = Debug|Any CPU
		{0DDC2026-FA70-405A-B3A5-39C1886AFA15}.Debug|x86.Build.0 = Debug|Any CPU
		{0DDC2026-FA70-405A-B3A5-39C1886AFA15}.Release|Any CPU.ActiveCfg = Release|Any CPU
		{0DDC2026-FA70-405A-B3A5-39C1886AFA15}.Release|Any CPU.Build.0 = Release|Any CPU
		{0DDC2026-FA70-405A-B3A5-39C1886AFA15}.Release|Mixed Platforms.ActiveCfg = Release|Any CPU
		{0DDC2026-FA70-405A-B3A5-39C1886AFA15}.Release|Mixed Platforms.Build.0 = Release|Any CPU
		{0DDC2026-FA70-405A-B3A5-39C1886AFA15}.Release|x86.ActiveCfg = Release|Any CPU
		{0DDC2026-FA70-405A-B3A5-39C1886AFA15}.Release|x86.Build.0 = Release|Any CPU
		{EC8D87C9-3910-4E6A-9C30-1E5C9BA8E73C}.Debug|Any CPU.ActiveCfg = Debug|Any CPU
		{EC8D87C9-3910-4E6A-9C30-1E5C9BA8E73C}.Debug|Any CPU.Build.0 = Debug|Any CPU
		{EC8D87C9-3910-4E6A-9C30-1E5C9BA8E73C}.Debug|Mixed Platforms.ActiveCfg = Debug|Any CPU
		{EC8D87C9-3910-4E6A-9C30-1E5C9BA8E73C}.Debug|Mixed Platforms.Build.0 = Debug|Any CPU
		{EC8D87C9-3910-4E6A-9C30-1E5C9BA8E73C}.Debug|x86.ActiveCfg = Debug|Any CPU
		{EC8D87C9-3910-4E6A-9C30-1E5C9BA8E73C}.Debug|x86.Build.0 = Debug|Any CPU
		{EC8D87C9-3910-4E6A-9C30-1E5C9BA8E73C}.Release|Any CPU.ActiveCfg = Release|Any CPU
		{EC8D87C9-3910-4E6A-9C30-1E5C9BA8E73C}.Release|Any CPU.Build.0 = Release|Any CPU
		{EC8D87C9-3910-4E6A-9C30-1E5C9BA8E73C}.Release|Mixed Platforms.ActiveCfg = Release|Any CPU
		{EC8D87C9-3910-4E6A-9C30-1E5C9BA8E73C}.Release|Mixed Platforms.Build.0 = Release|Any CPU
		{EC8D87C9-3910-4E6A-9C30-1E5C9BA8E73C}.Release|x86.ActiveCfg = Release|Any CPU
		{EC8D87C9-3910-4E6A-9C30-1E5C9BA8E73C}.Release|x86.Build.0 = Release|Any CPU
		{574E1121-922C-4132-920C-98B5E4ADD5A3}.Debug|Any CPU.ActiveCfg = Debug|Any CPU
		{574E1121-922C-4132-920C-98B5E4ADD5A3}.Debug|Any CPU.Build.0 = Debug|Any CPU
		{574E1121-922C-4132-920C-98B5E4ADD5A3}.Debug|Mixed Platforms.ActiveCfg = Debug|Any CPU
		{574E1121-922C-4132-920C-98B5E4ADD5A3}.Debug|Mixed Platforms.Build.0 = Debug|Any CPU
		{574E1121-922C-4132-920C-98B5E4ADD5A3}.Debug|x86.ActiveCfg = Debug|Any CPU
		{574E1121-922C-4132-920C-98B5E4ADD5A3}.Debug|x86.Build.0 = Debug|Any CPU
		{574E1121-922C-4132-920C-98B5E4ADD5A3}.Release|Any CPU.ActiveCfg = Release|Any CPU
		{574E1121-922C-4132-920C-98B5E4ADD5A3}.Release|Any CPU.Build.0 = Release|Any CPU
		{574E1121-922C-4132-920C-98B5E4ADD5A3}.Release|Mixed Platforms.ActiveCfg = Release|Any CPU
		{574E1121-922C-4132-920C-98B5E4ADD5A3}.Release|Mixed Platforms.Build.0 = Release|Any CPU
		{574E1121-922C-4132-920C-98B5E4ADD5A3}.Release|x86.ActiveCfg = Release|Any CPU
		{574E1121-922C-4132-920C-98B5E4ADD5A3}.Release|x86.Build.0 = Release|Any CPU
		{18C1EA93-AFBD-45D6-B8AB-E8D17FF53D19}.Debug|Any CPU.ActiveCfg = Debug|Any CPU
		{18C1EA93-AFBD-45D6-B8AB-E8D17FF53D19}.Debug|Any CPU.Build.0 = Debug|Any CPU
		{18C1EA93-AFBD-45D6-B8AB-E8D17FF53D19}.Debug|Mixed Platforms.ActiveCfg = Debug|Any CPU
		{18C1EA93-AFBD-45D6-B8AB-E8D17FF53D19}.Debug|Mixed Platforms.Build.0 = Debug|Any CPU
		{18C1EA93-AFBD-45D6-B8AB-E8D17FF53D19}.Debug|x86.ActiveCfg = Debug|Any CPU
		{18C1EA93-AFBD-45D6-B8AB-E8D17FF53D19}.Debug|x86.Build.0 = Debug|Any CPU
		{18C1EA93-AFBD-45D6-B8AB-E8D17FF53D19}.Release|Any CPU.ActiveCfg = Release|Any CPU
		{18C1EA93-AFBD-45D6-B8AB-E8D17FF53D19}.Release|Any CPU.Build.0 = Release|Any CPU
		{18C1EA93-AFBD-45D6-B8AB-E8D17FF53D19}.Release|Mixed Platforms.ActiveCfg = Release|Any CPU
		{18C1EA93-AFBD-45D6-B8AB-E8D17FF53D19}.Release|Mixed Platforms.Build.0 = Release|Any CPU
		{18C1EA93-AFBD-45D6-B8AB-E8D17FF53D19}.Release|x86.ActiveCfg = Release|Any CPU
		{18C1EA93-AFBD-45D6-B8AB-E8D17FF53D19}.Release|x86.Build.0 = Release|Any CPU
		{D497F18A-2C35-4D21-A0CA-01E20ED9A537}.Debug|Any CPU.ActiveCfg = Debug|Any CPU
		{D497F18A-2C35-4D21-A0CA-01E20ED9A537}.Debug|Any CPU.Build.0 = Debug|Any CPU
		{D497F18A-2C35-4D21-A0CA-01E20ED9A537}.Debug|Mixed Platforms.ActiveCfg = Debug|Any CPU
		{D497F18A-2C35-4D21-A0CA-01E20ED9A537}.Debug|Mixed Platforms.Build.0 = Debug|Any CPU
		{D497F18A-2C35-4D21-A0CA-01E20ED9A537}.Debug|x86.ActiveCfg = Debug|Any CPU
		{D497F18A-2C35-4D21-A0CA-01E20ED9A537}.Debug|x86.Build.0 = Debug|Any CPU
		{D497F18A-2C35-4D21-A0CA-01E20ED9A537}.Release|Any CPU.ActiveCfg = Release|Any CPU
		{D497F18A-2C35-4D21-A0CA-01E20ED9A537}.Release|Any CPU.Build.0 = Release|Any CPU
		{D497F18A-2C35-4D21-A0CA-01E20ED9A537}.Release|Mixed Platforms.ActiveCfg = Release|Any CPU
		{D497F18A-2C35-4D21-A0CA-01E20ED9A537}.Release|Mixed Platforms.Build.0 = Release|Any CPU
		{D497F18A-2C35-4D21-A0CA-01E20ED9A537}.Release|x86.ActiveCfg = Release|Any CPU
		{D497F18A-2C35-4D21-A0CA-01E20ED9A537}.Release|x86.Build.0 = Release|Any CPU
		{EB0A41F1-11DC-4F49-BBB6-6825A0EE576F}.Debug|Any CPU.ActiveCfg = Debug|Any CPU
		{EB0A41F1-11DC-4F49-BBB6-6825A0EE576F}.Debug|Any CPU.Build.0 = Debug|Any CPU
		{EB0A41F1-11DC-4F49-BBB6-6825A0EE576F}.Debug|Mixed Platforms.ActiveCfg = Debug|Any CPU
		{EB0A41F1-11DC-4F49-BBB6-6825A0EE576F}.Debug|Mixed Platforms.Build.0 = Debug|Any CPU
		{EB0A41F1-11DC-4F49-BBB6-6825A0EE576F}.Debug|x86.ActiveCfg = Debug|Any CPU
		{EB0A41F1-11DC-4F49-BBB6-6825A0EE576F}.Debug|x86.Build.0 = Debug|Any CPU
		{EB0A41F1-11DC-4F49-BBB6-6825A0EE576F}.Release|Any CPU.ActiveCfg = Release|Any CPU
		{EB0A41F1-11DC-4F49-BBB6-6825A0EE576F}.Release|Any CPU.Build.0 = Release|Any CPU
		{EB0A41F1-11DC-4F49-BBB6-6825A0EE576F}.Release|Mixed Platforms.ActiveCfg = Release|Any CPU
		{EB0A41F1-11DC-4F49-BBB6-6825A0EE576F}.Release|Mixed Platforms.Build.0 = Release|Any CPU
		{EB0A41F1-11DC-4F49-BBB6-6825A0EE576F}.Release|x86.ActiveCfg = Release|Any CPU
		{EB0A41F1-11DC-4F49-BBB6-6825A0EE576F}.Release|x86.Build.0 = Release|Any CPU
		{41F3C60A-2738-44FE-9889-D666C7E046C2}.Debug|Any CPU.ActiveCfg = Debug|Any CPU
		{41F3C60A-2738-44FE-9889-D666C7E046C2}.Debug|Any CPU.Build.0 = Debug|Any CPU
		{41F3C60A-2738-44FE-9889-D666C7E046C2}.Debug|Mixed Platforms.ActiveCfg = Debug|Any CPU
		{41F3C60A-2738-44FE-9889-D666C7E046C2}.Debug|Mixed Platforms.Build.0 = Debug|Any CPU
		{41F3C60A-2738-44FE-9889-D666C7E046C2}.Debug|x86.ActiveCfg = Debug|Any CPU
		{41F3C60A-2738-44FE-9889-D666C7E046C2}.Debug|x86.Build.0 = Debug|Any CPU
		{41F3C60A-2738-44FE-9889-D666C7E046C2}.Release|Any CPU.ActiveCfg = Release|Any CPU
		{41F3C60A-2738-44FE-9889-D666C7E046C2}.Release|Any CPU.Build.0 = Release|Any CPU
		{41F3C60A-2738-44FE-9889-D666C7E046C2}.Release|Mixed Platforms.ActiveCfg = Release|Any CPU
		{41F3C60A-2738-44FE-9889-D666C7E046C2}.Release|Mixed Platforms.Build.0 = Release|Any CPU
		{41F3C60A-2738-44FE-9889-D666C7E046C2}.Release|x86.ActiveCfg = Release|Any CPU
		{41F3C60A-2738-44FE-9889-D666C7E046C2}.Release|x86.Build.0 = Release|Any CPU
		{3148144C-1649-440E-A9B4-1D5C41677262}.Debug|Any CPU.ActiveCfg = Debug|Any CPU
		{3148144C-1649-440E-A9B4-1D5C41677262}.Debug|Any CPU.Build.0 = Debug|Any CPU
		{3148144C-1649-440E-A9B4-1D5C41677262}.Debug|Mixed Platforms.ActiveCfg = Debug|Any CPU
		{3148144C-1649-440E-A9B4-1D5C41677262}.Debug|Mixed Platforms.Build.0 = Debug|Any CPU
		{3148144C-1649-440E-A9B4-1D5C41677262}.Debug|x86.ActiveCfg = Debug|Any CPU
		{3148144C-1649-440E-A9B4-1D5C41677262}.Debug|x86.Build.0 = Debug|Any CPU
		{3148144C-1649-440E-A9B4-1D5C41677262}.Release|Any CPU.ActiveCfg = Release|Any CPU
		{3148144C-1649-440E-A9B4-1D5C41677262}.Release|Any CPU.Build.0 = Release|Any CPU
		{3148144C-1649-440E-A9B4-1D5C41677262}.Release|Mixed Platforms.ActiveCfg = Release|Any CPU
		{3148144C-1649-440E-A9B4-1D5C41677262}.Release|Mixed Platforms.Build.0 = Release|Any CPU
		{3148144C-1649-440E-A9B4-1D5C41677262}.Release|x86.ActiveCfg = Release|Any CPU
		{3148144C-1649-440E-A9B4-1D5C41677262}.Release|x86.Build.0 = Release|Any CPU
		{B75AEC02-64BD-4B31-8115-6708C64EE5DC}.Debug|Any CPU.ActiveCfg = Debug|Any CPU
		{B75AEC02-64BD-4B31-8115-6708C64EE5DC}.Debug|Any CPU.Build.0 = Debug|Any CPU
		{B75AEC02-64BD-4B31-8115-6708C64EE5DC}.Debug|Mixed Platforms.ActiveCfg = Debug|x86
		{B75AEC02-64BD-4B31-8115-6708C64EE5DC}.Debug|Mixed Platforms.Build.0 = Debug|x86
		{B75AEC02-64BD-4B31-8115-6708C64EE5DC}.Debug|x86.ActiveCfg = Debug|x86
		{B75AEC02-64BD-4B31-8115-6708C64EE5DC}.Debug|x86.Build.0 = Debug|x86
		{B75AEC02-64BD-4B31-8115-6708C64EE5DC}.Release|Any CPU.ActiveCfg = Release|Any CPU
		{B75AEC02-64BD-4B31-8115-6708C64EE5DC}.Release|Any CPU.Build.0 = Release|Any CPU
		{B75AEC02-64BD-4B31-8115-6708C64EE5DC}.Release|Mixed Platforms.ActiveCfg = Release|x86
		{B75AEC02-64BD-4B31-8115-6708C64EE5DC}.Release|Mixed Platforms.Build.0 = Release|x86
		{B75AEC02-64BD-4B31-8115-6708C64EE5DC}.Release|x86.ActiveCfg = Release|x86
		{B75AEC02-64BD-4B31-8115-6708C64EE5DC}.Release|x86.Build.0 = Release|x86
		{A4A7A18D-971E-46AA-BD73-18AE9234F450}.Debug|Any CPU.ActiveCfg = Debug|Any CPU
		{A4A7A18D-971E-46AA-BD73-18AE9234F450}.Debug|Any CPU.Build.0 = Debug|Any CPU
		{A4A7A18D-971E-46AA-BD73-18AE9234F450}.Debug|Mixed Platforms.ActiveCfg = Debug|Any CPU
		{A4A7A18D-971E-46AA-BD73-18AE9234F450}.Debug|Mixed Platforms.Build.0 = Debug|Any CPU
		{A4A7A18D-971E-46AA-BD73-18AE9234F450}.Debug|x86.ActiveCfg = Debug|Any CPU
		{A4A7A18D-971E-46AA-BD73-18AE9234F450}.Debug|x86.Build.0 = Debug|Any CPU
		{A4A7A18D-971E-46AA-BD73-18AE9234F450}.Release|Any CPU.ActiveCfg = Release|Any CPU
		{A4A7A18D-971E-46AA-BD73-18AE9234F450}.Release|Any CPU.Build.0 = Release|Any CPU
		{A4A7A18D-971E-46AA-BD73-18AE9234F450}.Release|Mixed Platforms.ActiveCfg = Release|Any CPU
		{A4A7A18D-971E-46AA-BD73-18AE9234F450}.Release|Mixed Platforms.Build.0 = Release|Any CPU
		{A4A7A18D-971E-46AA-BD73-18AE9234F450}.Release|x86.ActiveCfg = Release|Any CPU
		{A4A7A18D-971E-46AA-BD73-18AE9234F450}.Release|x86.Build.0 = Release|Any CPU
		{DFF3E1AE-8919-42A9-8320-A6CC5E4E154F}.Debug|Any CPU.ActiveCfg = Debug|Any CPU
		{DFF3E1AE-8919-42A9-8320-A6CC5E4E154F}.Debug|Any CPU.Build.0 = Debug|Any CPU
		{DFF3E1AE-8919-42A9-8320-A6CC5E4E154F}.Debug|Mixed Platforms.ActiveCfg = Debug|Any CPU
		{DFF3E1AE-8919-42A9-8320-A6CC5E4E154F}.Debug|Mixed Platforms.Build.0 = Debug|Any CPU
		{DFF3E1AE-8919-42A9-8320-A6CC5E4E154F}.Debug|x86.ActiveCfg = Debug|Any CPU
		{DFF3E1AE-8919-42A9-8320-A6CC5E4E154F}.Debug|x86.Build.0 = Debug|Any CPU
		{DFF3E1AE-8919-42A9-8320-A6CC5E4E154F}.Release|Any CPU.ActiveCfg = Release|Any CPU
		{DFF3E1AE-8919-42A9-8320-A6CC5E4E154F}.Release|Any CPU.Build.0 = Release|Any CPU
		{DFF3E1AE-8919-42A9-8320-A6CC5E4E154F}.Release|Mixed Platforms.ActiveCfg = Release|Any CPU
		{DFF3E1AE-8919-42A9-8320-A6CC5E4E154F}.Release|Mixed Platforms.Build.0 = Release|Any CPU
		{DFF3E1AE-8919-42A9-8320-A6CC5E4E154F}.Release|x86.ActiveCfg = Release|Any CPU
		{DFF3E1AE-8919-42A9-8320-A6CC5E4E154F}.Release|x86.Build.0 = Release|Any CPU
		{61B73DE1-F585-488D-B842-923CBFCD092C}.Debug|Any CPU.ActiveCfg = Debug|Any CPU
		{61B73DE1-F585-488D-B842-923CBFCD092C}.Debug|Any CPU.Build.0 = Debug|Any CPU
		{61B73DE1-F585-488D-B842-923CBFCD092C}.Debug|Mixed Platforms.ActiveCfg = Debug|Any CPU
		{61B73DE1-F585-488D-B842-923CBFCD092C}.Debug|Mixed Platforms.Build.0 = Debug|Any CPU
		{61B73DE1-F585-488D-B842-923CBFCD092C}.Debug|x86.ActiveCfg = Debug|Any CPU
		{61B73DE1-F585-488D-B842-923CBFCD092C}.Debug|x86.Build.0 = Debug|Any CPU
		{61B73DE1-F585-488D-B842-923CBFCD092C}.Release|Any CPU.ActiveCfg = Release|Any CPU
		{61B73DE1-F585-488D-B842-923CBFCD092C}.Release|Any CPU.Build.0 = Release|Any CPU
		{61B73DE1-F585-488D-B842-923CBFCD092C}.Release|Mixed Platforms.ActiveCfg = Release|Any CPU
		{61B73DE1-F585-488D-B842-923CBFCD092C}.Release|Mixed Platforms.Build.0 = Release|Any CPU
		{61B73DE1-F585-488D-B842-923CBFCD092C}.Release|x86.ActiveCfg = Release|Any CPU
		{61B73DE1-F585-488D-B842-923CBFCD092C}.Release|x86.Build.0 = Release|Any CPU
		{8EAAC2A1-D03A-4F42-9182-D294A3DB9FDF}.Debug|Any CPU.ActiveCfg = Debug|Any CPU
		{8EAAC2A1-D03A-4F42-9182-D294A3DB9FDF}.Debug|Any CPU.Build.0 = Debug|Any CPU
		{8EAAC2A1-D03A-4F42-9182-D294A3DB9FDF}.Debug|Mixed Platforms.ActiveCfg = Debug|Any CPU
		{8EAAC2A1-D03A-4F42-9182-D294A3DB9FDF}.Debug|Mixed Platforms.Build.0 = Debug|Any CPU
		{8EAAC2A1-D03A-4F42-9182-D294A3DB9FDF}.Debug|x86.ActiveCfg = Debug|Any CPU
		{8EAAC2A1-D03A-4F42-9182-D294A3DB9FDF}.Debug|x86.Build.0 = Debug|Any CPU
		{8EAAC2A1-D03A-4F42-9182-D294A3DB9FDF}.Release|Any CPU.ActiveCfg = Release|Any CPU
		{8EAAC2A1-D03A-4F42-9182-D294A3DB9FDF}.Release|Any CPU.Build.0 = Release|Any CPU
		{8EAAC2A1-D03A-4F42-9182-D294A3DB9FDF}.Release|Mixed Platforms.ActiveCfg = Release|Any CPU
		{8EAAC2A1-D03A-4F42-9182-D294A3DB9FDF}.Release|Mixed Platforms.Build.0 = Release|Any CPU
		{8EAAC2A1-D03A-4F42-9182-D294A3DB9FDF}.Release|x86.ActiveCfg = Release|Any CPU
		{8EAAC2A1-D03A-4F42-9182-D294A3DB9FDF}.Release|x86.Build.0 = Release|Any CPU
		{2238E587-6FAA-4A07-A665-AA7FCC9B5602}.Debug|Any CPU.ActiveCfg = Debug|Any CPU
		{2238E587-6FAA-4A07-A665-AA7FCC9B5602}.Debug|Any CPU.Build.0 = Debug|Any CPU
		{2238E587-6FAA-4A07-A665-AA7FCC9B5602}.Debug|Mixed Platforms.ActiveCfg = Debug|Any CPU
		{2238E587-6FAA-4A07-A665-AA7FCC9B5602}.Debug|Mixed Platforms.Build.0 = Debug|Any CPU
		{2238E587-6FAA-4A07-A665-AA7FCC9B5602}.Debug|x86.ActiveCfg = Debug|Any CPU
		{2238E587-6FAA-4A07-A665-AA7FCC9B5602}.Debug|x86.Build.0 = Debug|Any CPU
		{2238E587-6FAA-4A07-A665-AA7FCC9B5602}.Release|Any CPU.ActiveCfg = Release|Any CPU
		{2238E587-6FAA-4A07-A665-AA7FCC9B5602}.Release|Any CPU.Build.0 = Release|Any CPU
		{2238E587-6FAA-4A07-A665-AA7FCC9B5602}.Release|Mixed Platforms.ActiveCfg = Release|Any CPU
		{2238E587-6FAA-4A07-A665-AA7FCC9B5602}.Release|Mixed Platforms.Build.0 = Release|Any CPU
		{2238E587-6FAA-4A07-A665-AA7FCC9B5602}.Release|x86.ActiveCfg = Release|Any CPU
		{2238E587-6FAA-4A07-A665-AA7FCC9B5602}.Release|x86.Build.0 = Release|Any CPU
		{17103A48-DB90-4101-92EE-7B2719DB2CF0}.Debug|Any CPU.ActiveCfg = Debug|Any CPU
		{17103A48-DB90-4101-92EE-7B2719DB2CF0}.Debug|Any CPU.Build.0 = Debug|Any CPU
		{17103A48-DB90-4101-92EE-7B2719DB2CF0}.Debug|Mixed Platforms.ActiveCfg = Debug|Any CPU
		{17103A48-DB90-4101-92EE-7B2719DB2CF0}.Debug|Mixed Platforms.Build.0 = Debug|Any CPU
		{17103A48-DB90-4101-92EE-7B2719DB2CF0}.Debug|x86.ActiveCfg = Debug|Any CPU
		{17103A48-DB90-4101-92EE-7B2719DB2CF0}.Debug|x86.Build.0 = Debug|Any CPU
		{17103A48-DB90-4101-92EE-7B2719DB2CF0}.Release|Any CPU.ActiveCfg = Release|Any CPU
		{17103A48-DB90-4101-92EE-7B2719DB2CF0}.Release|Any CPU.Build.0 = Release|Any CPU
		{17103A48-DB90-4101-92EE-7B2719DB2CF0}.Release|Mixed Platforms.ActiveCfg = Release|Any CPU
		{17103A48-DB90-4101-92EE-7B2719DB2CF0}.Release|Mixed Platforms.Build.0 = Release|Any CPU
		{17103A48-DB90-4101-92EE-7B2719DB2CF0}.Release|x86.ActiveCfg = Release|Any CPU
		{17103A48-DB90-4101-92EE-7B2719DB2CF0}.Release|x86.Build.0 = Release|Any CPU
		{99DFB4E9-46C5-4767-9646-BA49B2B6A664}.Debug|Any CPU.ActiveCfg = Debug|Any CPU
		{99DFB4E9-46C5-4767-9646-BA49B2B6A664}.Debug|Any CPU.Build.0 = Debug|Any CPU
		{99DFB4E9-46C5-4767-9646-BA49B2B6A664}.Debug|Mixed Platforms.ActiveCfg = Debug|x86
		{99DFB4E9-46C5-4767-9646-BA49B2B6A664}.Debug|Mixed Platforms.Build.0 = Debug|x86
		{99DFB4E9-46C5-4767-9646-BA49B2B6A664}.Debug|x86.ActiveCfg = Debug|x86
		{99DFB4E9-46C5-4767-9646-BA49B2B6A664}.Debug|x86.Build.0 = Debug|x86
		{99DFB4E9-46C5-4767-9646-BA49B2B6A664}.Release|Any CPU.ActiveCfg = Release|Any CPU
		{99DFB4E9-46C5-4767-9646-BA49B2B6A664}.Release|Any CPU.Build.0 = Release|Any CPU
		{99DFB4E9-46C5-4767-9646-BA49B2B6A664}.Release|Mixed Platforms.ActiveCfg = Release|x86
		{99DFB4E9-46C5-4767-9646-BA49B2B6A664}.Release|Mixed Platforms.Build.0 = Release|x86
		{99DFB4E9-46C5-4767-9646-BA49B2B6A664}.Release|x86.ActiveCfg = Release|Any CPU
		{99DFB4E9-46C5-4767-9646-BA49B2B6A664}.Release|x86.Build.0 = Release|Any CPU
		{87813C95-A950-43CD-A783-3B71C51B852A}.Debug|Any CPU.ActiveCfg = Debug|Any CPU
		{87813C95-A950-43CD-A783-3B71C51B852A}.Debug|Any CPU.Build.0 = Debug|Any CPU
		{87813C95-A950-43CD-A783-3B71C51B852A}.Debug|Mixed Platforms.ActiveCfg = Debug|Any CPU
		{87813C95-A950-43CD-A783-3B71C51B852A}.Debug|Mixed Platforms.Build.0 = Debug|Any CPU
		{87813C95-A950-43CD-A783-3B71C51B852A}.Debug|x86.ActiveCfg = Debug|Any CPU
		{87813C95-A950-43CD-A783-3B71C51B852A}.Debug|x86.Build.0 = Debug|Any CPU
		{87813C95-A950-43CD-A783-3B71C51B852A}.Release|Any CPU.ActiveCfg = Release|Any CPU
		{87813C95-A950-43CD-A783-3B71C51B852A}.Release|Any CPU.Build.0 = Release|Any CPU
		{87813C95-A950-43CD-A783-3B71C51B852A}.Release|Mixed Platforms.ActiveCfg = Release|Any CPU
		{87813C95-A950-43CD-A783-3B71C51B852A}.Release|Mixed Platforms.Build.0 = Release|Any CPU
		{87813C95-A950-43CD-A783-3B71C51B852A}.Release|x86.ActiveCfg = Release|Any CPU
		{87813C95-A950-43CD-A783-3B71C51B852A}.Release|x86.Build.0 = Release|Any CPU
		{F9EDEF43-8A01-42E2-BD3C-DAAC07A68293}.Debug|Any CPU.ActiveCfg = Debug|Any CPU
		{F9EDEF43-8A01-42E2-BD3C-DAAC07A68293}.Debug|Any CPU.Build.0 = Debug|Any CPU
		{F9EDEF43-8A01-42E2-BD3C-DAAC07A68293}.Debug|Mixed Platforms.ActiveCfg = Debug|Any CPU
		{F9EDEF43-8A01-42E2-BD3C-DAAC07A68293}.Debug|Mixed Platforms.Build.0 = Debug|Any CPU
		{F9EDEF43-8A01-42E2-BD3C-DAAC07A68293}.Debug|x86.ActiveCfg = Debug|Any CPU
		{F9EDEF43-8A01-42E2-BD3C-DAAC07A68293}.Debug|x86.Build.0 = Debug|Any CPU
		{F9EDEF43-8A01-42E2-BD3C-DAAC07A68293}.Release|Any CPU.ActiveCfg = Release|Any CPU
		{F9EDEF43-8A01-42E2-BD3C-DAAC07A68293}.Release|Any CPU.Build.0 = Release|Any CPU
		{F9EDEF43-8A01-42E2-BD3C-DAAC07A68293}.Release|Mixed Platforms.ActiveCfg = Release|Any CPU
		{F9EDEF43-8A01-42E2-BD3C-DAAC07A68293}.Release|Mixed Platforms.Build.0 = Release|Any CPU
		{F9EDEF43-8A01-42E2-BD3C-DAAC07A68293}.Release|x86.ActiveCfg = Release|Any CPU
		{F9EDEF43-8A01-42E2-BD3C-DAAC07A68293}.Release|x86.Build.0 = Release|Any CPU
		{C64ED336-25F3-4618-AC96-9BFE839010FF}.Debug|Any CPU.ActiveCfg = Debug|Any CPU
		{C64ED336-25F3-4618-AC96-9BFE839010FF}.Debug|Any CPU.Build.0 = Debug|Any CPU
		{C64ED336-25F3-4618-AC96-9BFE839010FF}.Debug|Mixed Platforms.ActiveCfg = Debug|Any CPU
		{C64ED336-25F3-4618-AC96-9BFE839010FF}.Debug|Mixed Platforms.Build.0 = Debug|Any CPU
		{C64ED336-25F3-4618-AC96-9BFE839010FF}.Debug|x86.ActiveCfg = Debug|Any CPU
		{C64ED336-25F3-4618-AC96-9BFE839010FF}.Debug|x86.Build.0 = Debug|Any CPU
		{C64ED336-25F3-4618-AC96-9BFE839010FF}.Release|Any CPU.ActiveCfg = Release|Any CPU
		{C64ED336-25F3-4618-AC96-9BFE839010FF}.Release|Any CPU.Build.0 = Release|Any CPU
		{C64ED336-25F3-4618-AC96-9BFE839010FF}.Release|Mixed Platforms.ActiveCfg = Release|Any CPU
		{C64ED336-25F3-4618-AC96-9BFE839010FF}.Release|Mixed Platforms.Build.0 = Release|Any CPU
		{C64ED336-25F3-4618-AC96-9BFE839010FF}.Release|x86.ActiveCfg = Release|Any CPU
		{C64ED336-25F3-4618-AC96-9BFE839010FF}.Release|x86.Build.0 = Release|Any CPU
		{2966AB44-8F8B-4F97-AB3D-800AFC4A9954}.Debug|Any CPU.ActiveCfg = Debug|Any CPU
		{2966AB44-8F8B-4F97-AB3D-800AFC4A9954}.Debug|Any CPU.Build.0 = Debug|Any CPU
		{2966AB44-8F8B-4F97-AB3D-800AFC4A9954}.Debug|Mixed Platforms.ActiveCfg = Debug|Any CPU
		{2966AB44-8F8B-4F97-AB3D-800AFC4A9954}.Debug|Mixed Platforms.Build.0 = Debug|Any CPU
		{2966AB44-8F8B-4F97-AB3D-800AFC4A9954}.Debug|x86.ActiveCfg = Debug|Any CPU
		{2966AB44-8F8B-4F97-AB3D-800AFC4A9954}.Debug|x86.Build.0 = Debug|Any CPU
		{2966AB44-8F8B-4F97-AB3D-800AFC4A9954}.Release|Any CPU.ActiveCfg = Release|Any CPU
		{2966AB44-8F8B-4F97-AB3D-800AFC4A9954}.Release|Any CPU.Build.0 = Release|Any CPU
		{2966AB44-8F8B-4F97-AB3D-800AFC4A9954}.Release|Mixed Platforms.ActiveCfg = Release|Any CPU
		{2966AB44-8F8B-4F97-AB3D-800AFC4A9954}.Release|Mixed Platforms.Build.0 = Release|Any CPU
		{2966AB44-8F8B-4F97-AB3D-800AFC4A9954}.Release|x86.ActiveCfg = Release|Any CPU
		{2966AB44-8F8B-4F97-AB3D-800AFC4A9954}.Release|x86.Build.0 = Release|Any CPU
		{5D4BB3F9-D6B5-44CE-B157-993587C8ACF9}.Debug|Any CPU.ActiveCfg = Debug|x86
		{5D4BB3F9-D6B5-44CE-B157-993587C8ACF9}.Debug|Mixed Platforms.ActiveCfg = Debug|x86
		{5D4BB3F9-D6B5-44CE-B157-993587C8ACF9}.Debug|Mixed Platforms.Build.0 = Debug|x86
		{5D4BB3F9-D6B5-44CE-B157-993587C8ACF9}.Debug|x86.ActiveCfg = Debug|x86
		{5D4BB3F9-D6B5-44CE-B157-993587C8ACF9}.Debug|x86.Build.0 = Debug|x86
		{5D4BB3F9-D6B5-44CE-B157-993587C8ACF9}.Release|Any CPU.ActiveCfg = Release|x86
		{5D4BB3F9-D6B5-44CE-B157-993587C8ACF9}.Release|Mixed Platforms.ActiveCfg = Release|x86
		{5D4BB3F9-D6B5-44CE-B157-993587C8ACF9}.Release|Mixed Platforms.Build.0 = Release|x86
		{5D4BB3F9-D6B5-44CE-B157-993587C8ACF9}.Release|x86.ActiveCfg = Release|x86
		{5D4BB3F9-D6B5-44CE-B157-993587C8ACF9}.Release|x86.Build.0 = Release|x86
		{7074A0B2-A3D6-4BC4-BA0F-C89118D76C7B}.Debug|Any CPU.ActiveCfg = Debug|Any CPU
		{7074A0B2-A3D6-4BC4-BA0F-C89118D76C7B}.Debug|Any CPU.Build.0 = Debug|Any CPU
		{7074A0B2-A3D6-4BC4-BA0F-C89118D76C7B}.Debug|Mixed Platforms.ActiveCfg = Debug|Any CPU
		{7074A0B2-A3D6-4BC4-BA0F-C89118D76C7B}.Debug|Mixed Platforms.Build.0 = Debug|Any CPU
		{7074A0B2-A3D6-4BC4-BA0F-C89118D76C7B}.Debug|x86.ActiveCfg = Debug|Any CPU
		{7074A0B2-A3D6-4BC4-BA0F-C89118D76C7B}.Debug|x86.Build.0 = Debug|Any CPU
		{7074A0B2-A3D6-4BC4-BA0F-C89118D76C7B}.Release|Any CPU.ActiveCfg = Release|Any CPU
		{7074A0B2-A3D6-4BC4-BA0F-C89118D76C7B}.Release|Any CPU.Build.0 = Release|Any CPU
		{7074A0B2-A3D6-4BC4-BA0F-C89118D76C7B}.Release|Mixed Platforms.ActiveCfg = Release|Any CPU
		{7074A0B2-A3D6-4BC4-BA0F-C89118D76C7B}.Release|Mixed Platforms.Build.0 = Release|Any CPU
		{7074A0B2-A3D6-4BC4-BA0F-C89118D76C7B}.Release|x86.ActiveCfg = Release|Any CPU
		{7074A0B2-A3D6-4BC4-BA0F-C89118D76C7B}.Release|x86.Build.0 = Release|Any CPU
		{3A217E72-934E-436C-B104-D9A9DB22569B}.Debug|Any CPU.ActiveCfg = Debug|Any CPU
		{3A217E72-934E-436C-B104-D9A9DB22569B}.Debug|Any CPU.Build.0 = Debug|Any CPU
		{3A217E72-934E-436C-B104-D9A9DB22569B}.Debug|Mixed Platforms.ActiveCfg = Debug|Any CPU
		{3A217E72-934E-436C-B104-D9A9DB22569B}.Debug|Mixed Platforms.Build.0 = Debug|Any CPU
		{3A217E72-934E-436C-B104-D9A9DB22569B}.Debug|x86.ActiveCfg = Debug|Any CPU
		{3A217E72-934E-436C-B104-D9A9DB22569B}.Debug|x86.Build.0 = Debug|Any CPU
		{3A217E72-934E-436C-B104-D9A9DB22569B}.Release|Any CPU.ActiveCfg = Release|Any CPU
		{3A217E72-934E-436C-B104-D9A9DB22569B}.Release|Any CPU.Build.0 = Release|Any CPU
		{3A217E72-934E-436C-B104-D9A9DB22569B}.Release|Mixed Platforms.ActiveCfg = Release|Any CPU
		{3A217E72-934E-436C-B104-D9A9DB22569B}.Release|Mixed Platforms.Build.0 = Release|Any CPU
		{3A217E72-934E-436C-B104-D9A9DB22569B}.Release|x86.ActiveCfg = Release|Any CPU
		{3A217E72-934E-436C-B104-D9A9DB22569B}.Release|x86.Build.0 = Release|Any CPU
		{A03E9238-9C7C-43A3-AFEF-CD87313F7B2E}.Debug|Any CPU.ActiveCfg = Debug|Any CPU
		{A03E9238-9C7C-43A3-AFEF-CD87313F7B2E}.Debug|Any CPU.Build.0 = Debug|Any CPU
		{A03E9238-9C7C-43A3-AFEF-CD87313F7B2E}.Debug|Mixed Platforms.ActiveCfg = Debug|Any CPU
		{A03E9238-9C7C-43A3-AFEF-CD87313F7B2E}.Debug|Mixed Platforms.Build.0 = Debug|Any CPU
		{A03E9238-9C7C-43A3-AFEF-CD87313F7B2E}.Debug|x86.ActiveCfg = Debug|Any CPU
		{A03E9238-9C7C-43A3-AFEF-CD87313F7B2E}.Debug|x86.Build.0 = Debug|Any CPU
		{A03E9238-9C7C-43A3-AFEF-CD87313F7B2E}.Release|Any CPU.ActiveCfg = Release|Any CPU
		{A03E9238-9C7C-43A3-AFEF-CD87313F7B2E}.Release|Any CPU.Build.0 = Release|Any CPU
		{A03E9238-9C7C-43A3-AFEF-CD87313F7B2E}.Release|Mixed Platforms.ActiveCfg = Release|Any CPU
		{A03E9238-9C7C-43A3-AFEF-CD87313F7B2E}.Release|Mixed Platforms.Build.0 = Release|Any CPU
		{A03E9238-9C7C-43A3-AFEF-CD87313F7B2E}.Release|x86.ActiveCfg = Release|Any CPU
		{A03E9238-9C7C-43A3-AFEF-CD87313F7B2E}.Release|x86.Build.0 = Release|Any CPU
		{79A37C58-942E-47E9-9C12-DC1DEE00E52E}.Debug|Any CPU.ActiveCfg = Debug|Any CPU
		{79A37C58-942E-47E9-9C12-DC1DEE00E52E}.Debug|Any CPU.Build.0 = Debug|Any CPU
		{79A37C58-942E-47E9-9C12-DC1DEE00E52E}.Debug|Mixed Platforms.ActiveCfg = Debug|Any CPU
		{79A37C58-942E-47E9-9C12-DC1DEE00E52E}.Debug|Mixed Platforms.Build.0 = Debug|Any CPU
		{79A37C58-942E-47E9-9C12-DC1DEE00E52E}.Debug|x86.ActiveCfg = Debug|Any CPU
		{79A37C58-942E-47E9-9C12-DC1DEE00E52E}.Debug|x86.Build.0 = Debug|Any CPU
		{79A37C58-942E-47E9-9C12-DC1DEE00E52E}.Release|Any CPU.ActiveCfg = Release|Any CPU
		{79A37C58-942E-47E9-9C12-DC1DEE00E52E}.Release|Any CPU.Build.0 = Release|Any CPU
		{79A37C58-942E-47E9-9C12-DC1DEE00E52E}.Release|Mixed Platforms.ActiveCfg = Release|Any CPU
		{79A37C58-942E-47E9-9C12-DC1DEE00E52E}.Release|Mixed Platforms.Build.0 = Release|Any CPU
		{79A37C58-942E-47E9-9C12-DC1DEE00E52E}.Release|x86.ActiveCfg = Release|Any CPU
		{79A37C58-942E-47E9-9C12-DC1DEE00E52E}.Release|x86.Build.0 = Release|Any CPU
		{A1086E68-33A9-41F8-BF49-42C7C3AFE6CB}.Debug|Any CPU.ActiveCfg = Debug|Any CPU
		{A1086E68-33A9-41F8-BF49-42C7C3AFE6CB}.Debug|Any CPU.Build.0 = Debug|Any CPU
		{A1086E68-33A9-41F8-BF49-42C7C3AFE6CB}.Debug|Mixed Platforms.ActiveCfg = Debug|Any CPU
		{A1086E68-33A9-41F8-BF49-42C7C3AFE6CB}.Debug|Mixed Platforms.Build.0 = Debug|Any CPU
		{A1086E68-33A9-41F8-BF49-42C7C3AFE6CB}.Debug|x86.ActiveCfg = Debug|Any CPU
		{A1086E68-33A9-41F8-BF49-42C7C3AFE6CB}.Debug|x86.Build.0 = Debug|Any CPU
		{A1086E68-33A9-41F8-BF49-42C7C3AFE6CB}.Release|Any CPU.ActiveCfg = Release|Any CPU
		{A1086E68-33A9-41F8-BF49-42C7C3AFE6CB}.Release|Any CPU.Build.0 = Release|Any CPU
		{A1086E68-33A9-41F8-BF49-42C7C3AFE6CB}.Release|Mixed Platforms.ActiveCfg = Release|Any CPU
		{A1086E68-33A9-41F8-BF49-42C7C3AFE6CB}.Release|Mixed Platforms.Build.0 = Release|Any CPU
		{A1086E68-33A9-41F8-BF49-42C7C3AFE6CB}.Release|x86.ActiveCfg = Release|Any CPU
		{A1086E68-33A9-41F8-BF49-42C7C3AFE6CB}.Release|x86.Build.0 = Release|Any CPU
		{A63CA12D-76B0-4739-A076-76F62030E6B0}.Debug|Any CPU.ActiveCfg = Debug|Any CPU
		{A63CA12D-76B0-4739-A076-76F62030E6B0}.Debug|Any CPU.Build.0 = Debug|Any CPU
		{A63CA12D-76B0-4739-A076-76F62030E6B0}.Debug|Mixed Platforms.ActiveCfg = Debug|Any CPU
		{A63CA12D-76B0-4739-A076-76F62030E6B0}.Debug|Mixed Platforms.Build.0 = Debug|Any CPU
		{A63CA12D-76B0-4739-A076-76F62030E6B0}.Debug|x86.ActiveCfg = Debug|Any CPU
		{A63CA12D-76B0-4739-A076-76F62030E6B0}.Debug|x86.Build.0 = Debug|Any CPU
		{A63CA12D-76B0-4739-A076-76F62030E6B0}.Release|Any CPU.ActiveCfg = Release|Any CPU
		{A63CA12D-76B0-4739-A076-76F62030E6B0}.Release|Any CPU.Build.0 = Release|Any CPU
		{A63CA12D-76B0-4739-A076-76F62030E6B0}.Release|Mixed Platforms.ActiveCfg = Release|Any CPU
		{A63CA12D-76B0-4739-A076-76F62030E6B0}.Release|Mixed Platforms.Build.0 = Release|Any CPU
		{A63CA12D-76B0-4739-A076-76F62030E6B0}.Release|x86.ActiveCfg = Release|Any CPU
		{A63CA12D-76B0-4739-A076-76F62030E6B0}.Release|x86.Build.0 = Release|Any CPU
		{DACDFA46-D766-41E7-A692-2E86F968B0F3}.Debug|Any CPU.ActiveCfg = Debug|Any CPU
		{DACDFA46-D766-41E7-A692-2E86F968B0F3}.Debug|Any CPU.Build.0 = Debug|Any CPU
		{DACDFA46-D766-41E7-A692-2E86F968B0F3}.Debug|Mixed Platforms.ActiveCfg = Debug|Any CPU
		{DACDFA46-D766-41E7-A692-2E86F968B0F3}.Debug|Mixed Platforms.Build.0 = Debug|Any CPU
		{DACDFA46-D766-41E7-A692-2E86F968B0F3}.Debug|x86.ActiveCfg = Debug|Any CPU
		{DACDFA46-D766-41E7-A692-2E86F968B0F3}.Debug|x86.Build.0 = Debug|Any CPU
		{DACDFA46-D766-41E7-A692-2E86F968B0F3}.Release|Any CPU.ActiveCfg = Release|Any CPU
		{DACDFA46-D766-41E7-A692-2E86F968B0F3}.Release|Any CPU.Build.0 = Release|Any CPU
		{DACDFA46-D766-41E7-A692-2E86F968B0F3}.Release|Mixed Platforms.ActiveCfg = Release|Any CPU
		{DACDFA46-D766-41E7-A692-2E86F968B0F3}.Release|Mixed Platforms.Build.0 = Release|Any CPU
		{DACDFA46-D766-41E7-A692-2E86F968B0F3}.Release|x86.ActiveCfg = Release|Any CPU
		{DACDFA46-D766-41E7-A692-2E86F968B0F3}.Release|x86.Build.0 = Release|Any CPU
		{47A4BCB4-06E1-4217-8935-AC751985D647}.Debug|Any CPU.ActiveCfg = Debug|Any CPU
		{47A4BCB4-06E1-4217-8935-AC751985D647}.Debug|Any CPU.Build.0 = Debug|Any CPU
		{47A4BCB4-06E1-4217-8935-AC751985D647}.Debug|Mixed Platforms.ActiveCfg = Debug|Any CPU
		{47A4BCB4-06E1-4217-8935-AC751985D647}.Debug|Mixed Platforms.Build.0 = Debug|Any CPU
		{47A4BCB4-06E1-4217-8935-AC751985D647}.Debug|x86.ActiveCfg = Debug|Any CPU
		{47A4BCB4-06E1-4217-8935-AC751985D647}.Release|Any CPU.ActiveCfg = Release|Any CPU
		{47A4BCB4-06E1-4217-8935-AC751985D647}.Release|Any CPU.Build.0 = Release|Any CPU
		{47A4BCB4-06E1-4217-8935-AC751985D647}.Release|Mixed Platforms.ActiveCfg = Release|Any CPU
		{47A4BCB4-06E1-4217-8935-AC751985D647}.Release|Mixed Platforms.Build.0 = Release|Any CPU
		{47A4BCB4-06E1-4217-8935-AC751985D647}.Release|x86.ActiveCfg = Release|Any CPU
		{42244DCC-4326-4E7A-BB6B-CCD8CA544D85}.Debug|Any CPU.ActiveCfg = Debug|Any CPU
		{42244DCC-4326-4E7A-BB6B-CCD8CA544D85}.Debug|Any CPU.Build.0 = Debug|Any CPU
		{42244DCC-4326-4E7A-BB6B-CCD8CA544D85}.Debug|Mixed Platforms.ActiveCfg = Debug|Any CPU
		{42244DCC-4326-4E7A-BB6B-CCD8CA544D85}.Debug|Mixed Platforms.Build.0 = Debug|Any CPU
		{42244DCC-4326-4E7A-BB6B-CCD8CA544D85}.Debug|x86.ActiveCfg = Debug|Any CPU
		{42244DCC-4326-4E7A-BB6B-CCD8CA544D85}.Release|Any CPU.ActiveCfg = Release|Any CPU
		{42244DCC-4326-4E7A-BB6B-CCD8CA544D85}.Release|Any CPU.Build.0 = Release|Any CPU
		{42244DCC-4326-4E7A-BB6B-CCD8CA544D85}.Release|Mixed Platforms.ActiveCfg = Release|Any CPU
		{42244DCC-4326-4E7A-BB6B-CCD8CA544D85}.Release|Mixed Platforms.Build.0 = Release|Any CPU
		{42244DCC-4326-4E7A-BB6B-CCD8CA544D85}.Release|x86.ActiveCfg = Release|Any CPU
	EndGlobalSection
	GlobalSection(SolutionProperties) = preSolution
		HideSolutionNode = FALSE
	EndGlobalSection
	GlobalSection(NestedProjects) = preSolution
		{A090E3B0-0516-44F3-9FBA-6EF8CB21926E} = {020587D2-50BA-4E6D-9BD5-1059EBCC13D7}
		{5936D84D-A842-43B3-97FD-E2C6990E77DB} = {020587D2-50BA-4E6D-9BD5-1059EBCC13D7}
		{0DDC2026-FA70-405A-B3A5-39C1886AFA15} = {020587D2-50BA-4E6D-9BD5-1059EBCC13D7}
		{B75AEC02-64BD-4B31-8115-6708C64EE5DC} = {020587D2-50BA-4E6D-9BD5-1059EBCC13D7}
		{DFF3E1AE-8919-42A9-8320-A6CC5E4E154F} = {020587D2-50BA-4E6D-9BD5-1059EBCC13D7}
		{17103A48-DB90-4101-92EE-7B2719DB2CF0} = {020587D2-50BA-4E6D-9BD5-1059EBCC13D7}
		{EC8D87C9-3910-4E6A-9C30-1E5C9BA8E73C} = {62D91EA2-A776-44C2-8891-2CA45A01A365}
		{5B0AD554-6DB3-43CA-878A-58874B89CAE2} = {62D91EA2-A776-44C2-8891-2CA45A01A365}
		{3148144C-1649-440E-A9B4-1D5C41677262} = {62D91EA2-A776-44C2-8891-2CA45A01A365}
		{2238E587-6FAA-4A07-A665-AA7FCC9B5602} = {62D91EA2-A776-44C2-8891-2CA45A01A365}
		{99DFB4E9-46C5-4767-9646-BA49B2B6A664} = {62D91EA2-A776-44C2-8891-2CA45A01A365}
		{D60754B6-A63E-482E-93F2-FC780F20844A} = {62D91EA2-A776-44C2-8891-2CA45A01A365}
		{12060C25-C65C-445E-AE07-EB2780B57AE9} = {55E40801-E853-4AFD-806C-06969CE72CB0}
		{C606E7BF-43A2-474B-8121-CA27405A5ED7} = {55E40801-E853-4AFD-806C-06969CE72CB0}
		{B41A47C0-B919-494F-89C5-04FEA6FC5BE2} = {55E40801-E853-4AFD-806C-06969CE72CB0}
		{18C1EA93-AFBD-45D6-B8AB-E8D17FF53D19} = {5B0AD554-6DB3-43CA-878A-58874B89CAE2}
		{D497F18A-2C35-4D21-A0CA-01E20ED9A537} = {5B0AD554-6DB3-43CA-878A-58874B89CAE2}
		{EB0A41F1-11DC-4F49-BBB6-6825A0EE576F} = {5B0AD554-6DB3-43CA-878A-58874B89CAE2}
		{41F3C60A-2738-44FE-9889-D666C7E046C2} = {5B0AD554-6DB3-43CA-878A-58874B89CAE2}
		{A4A7A18D-971E-46AA-BD73-18AE9234F450} = {5B0AD554-6DB3-43CA-878A-58874B89CAE2}
		{87813C95-A950-43CD-A783-3B71C51B852A} = {5B0AD554-6DB3-43CA-878A-58874B89CAE2}
		{F9EDEF43-8A01-42E2-BD3C-DAAC07A68293} = {5B0AD554-6DB3-43CA-878A-58874B89CAE2}
		{47A4BCB4-06E1-4217-8935-AC751985D647} = {5B0AD554-6DB3-43CA-878A-58874B89CAE2}
		{229E26F1-6FBF-4045-82BF-64550AE5FF2C} = {C606E7BF-43A2-474B-8121-CA27405A5ED7}
		{644C6234-BBD8-4E22-AB92-6AEEC4B54895} = {C606E7BF-43A2-474B-8121-CA27405A5ED7}
		{53281A66-089D-493D-9771-1445D5D7E87A} = {C606E7BF-43A2-474B-8121-CA27405A5ED7}
		{61B73DE1-F585-488D-B842-923CBFCD092C} = {B41A47C0-B919-494F-89C5-04FEA6FC5BE2}
		{FA1A3290-304A-4301-8CC3-92401FE76FE5} = {60932BEE-68D9-4337-9FE8-1F8CCF77F989}
		{C64ED336-25F3-4618-AC96-9BFE839010FF} = {FA1A3290-304A-4301-8CC3-92401FE76FE5}
		{2966AB44-8F8B-4F97-AB3D-800AFC4A9954} = {FA1A3290-304A-4301-8CC3-92401FE76FE5}
		{5D4BB3F9-D6B5-44CE-B157-993587C8ACF9} = {FA1A3290-304A-4301-8CC3-92401FE76FE5}
		{7074A0B2-A3D6-4BC4-BA0F-C89118D76C7B} = {D60754B6-A63E-482E-93F2-FC780F20844A}
		{3A217E72-934E-436C-B104-D9A9DB22569B} = {D60754B6-A63E-482E-93F2-FC780F20844A}
		{A03E9238-9C7C-43A3-AFEF-CD87313F7B2E} = {D60754B6-A63E-482E-93F2-FC780F20844A}
		{79A37C58-942E-47E9-9C12-DC1DEE00E52E} = {D60754B6-A63E-482E-93F2-FC780F20844A}
		{A1086E68-33A9-41F8-BF49-42C7C3AFE6CB} = {D60754B6-A63E-482E-93F2-FC780F20844A}
		{A63CA12D-76B0-4739-A076-76F62030E6B0} = {D60754B6-A63E-482E-93F2-FC780F20844A}
		{DACDFA46-D766-41E7-A692-2E86F968B0F3} = {D60754B6-A63E-482E-93F2-FC780F20844A}
	EndGlobalSection
EndGlobal
