
Microsoft Visual Studio Solution File, Format Version 12.00
# Visual Studio 2012
Project("{2150E333-8FDC-42A3-9474-1A3956D46DE8}") = ".nuget", ".nuget", "{D273A088-F9CE-4DC7-BA4B-082007601C67}"
	ProjectSection(SolutionItems) = preProject
		.nuget\NuGet.Config = .nuget\NuGet.Config
		.nuget\NuGet.exe = .nuget\NuGet.exe
		.nuget\NuGet.targets = .nuget\NuGet.targets
	EndProjectSection
EndProject
Project("{2150E333-8FDC-42A3-9474-1A3956D46DE8}") = "LanguageApproximation", "LanguageApproximation", "{AF4703A9-1336-4D73-B341-B10F5D3B9BCB}"
EndProject
Project("{2150E333-8FDC-42A3-9474-1A3956D46DE8}") = "Languages", "Languages", "{ADC9DB7B-3A38-4D86-9D89-8E13C073FC60}"
EndProject
Project("{2150E333-8FDC-42A3-9474-1A3956D46DE8}") = "SQL", "SQL", "{241A2C93-1EEE-40C6-B729-0DB38F6D43F4}"
EndProject
Project("{2150E333-8FDC-42A3-9474-1A3956D46DE8}") = "Simple", "Simple", "{C4B45CF5-EA74-41C6-8EFE-67C57201DEB6}"
EndProject
Project("{2150E333-8FDC-42A3-9474-1A3956D46DE8}") = "Plugin", "Plugin", "{A20535F2-9BB0-42B6-8101-300091F179F2}"
EndProject
Project("{2150E333-8FDC-42A3-9474-1A3956D46DE8}") = "jSON", "jSON", "{B6002073-25B2-4EF6-BE9E-4BA92D664BDA}"
EndProject
Project("{F2A71F9B-5D33-465A-A702-920D77279786}") = "ConstantPropagation", "ConstantPropagation\ConstantPropagation.fsproj", "{42485BCA-665D-48FB-BEFD-4A0232F2CF0B}"
EndProject
Project("{F2A71F9B-5D33-465A-A702-920D77279786}") = "TSQL", "TSQL\TSQL.fsproj", "{5C8B9089-F612-4761-B712-09ECB5317C76}"
EndProject
Project("{F2A71F9B-5D33-465A-A702-920D77279786}") = "Calc", "Calc\Calc.fsproj", "{016C2AFB-D8AA-4DD4-94F9-83E0E6C93F72}"
EndProject
Project("{FAE04EC0-301F-11D3-BF4B-00C04F79EFBC}") = "YC.ReSharper.AbstractAnalysis.Plugin", "YC.ReSharper.AbstractAnalysis.Plugin\YC.ReSharper.AbstractAnalysis.Plugin.csproj", "{BC086B93-FA4B-41BD-9E95-3ED442592A01}"
EndProject
Project("{F2A71F9B-5D33-465A-A702-920D77279786}") = "YC.ReSharper.AbstractAnalysis.Plugin.Core", "YC.ReSharper.AbstractAnalysis.Plugin.Core\YC.ReSharper.AbstractAnalysis.Plugin.Core.fsproj", "{5FBF733C-9F3D-4831-89F2-68A500A2916C}"
EndProject
Project("{FAE04EC0-301F-11D3-BF4B-00C04F79EFBC}") = "YC.ReSharper.AbstractAnalysis.Plugin.Tests", "YC.ReSharper.AbstractAnalysis.Plugin.Tests\YC.ReSharper.AbstractAnalysis.Plugin.Tests.csproj", "{F67081A2-F11B-4203-B08C-FEFCB2EA924F}"
EndProject
Project("{F2A71F9B-5D33-465A-A702-920D77279786}") = "JSON_Parser", "JSON_Parser\JSON_Parser.fsproj", "{560052D2-E44A-42C0-8F88-04F623276B35}"
	ProjectSection(ProjectDependencies) = postProject
		{D0FDE059-31E0-4C71-8573-7787B8DFB903} = {D0FDE059-31E0-4C71-8573-7787B8DFB903}
	EndProjectSection
EndProject
Project("{F2A71F9B-5D33-465A-A702-920D77279786}") = "JSONParser.Test", "JSONParser.Test\JSONParser.Test.fsproj", "{13716B0C-860D-428C-A281-C70D8DC029F9}"
EndProject
Project("{F2A71F9B-5D33-465A-A702-920D77279786}") = "TSQL.Test", "TSQLTests.fs\TSQL.Test.fsproj", "{976AEB07-2E36-4FA0-AAD2-7B0EA031D7D4}"
EndProject
Project("{FAE04EC0-301F-11D3-BF4B-00C04F79EFBC}") = "JSONHighlighting", "JSON_Parser\JSONHighlighting\JSONHighlighting.csproj", "{D0FDE059-31E0-4C71-8573-7787B8DFB903}"
	ProjectSection(ProjectDependencies) = postProject
		{D4978D25-D792-4045-8941-25800D82AFA3} = {D4978D25-D792-4045-8941-25800D82AFA3}
	EndProjectSection
EndProject
Project("{FAE04EC0-301F-11D3-BF4B-00C04F79EFBC}") = "CalcHighlighting", "Calc\CalcHighlighting\CalcHighlighting.csproj", "{0AF126E6-F923-4B88-BC42-97CD3696E7E7}"
EndProject
Project("{FAE04EC0-301F-11D3-BF4B-00C04F79EFBC}") = "TSQLHighlighting", "TSQL\TSQLHighlighting\TSQLHighlighting.csproj", "{6EE8BDD8-79E9-41F5-8A8E-E959835D60FB}"
	ProjectSection(ProjectDependencies) = postProject
		{D4978D25-D792-4045-8941-25800D82AFA3} = {D4978D25-D792-4045-8941-25800D82AFA3}
	EndProjectSection
EndProject
Project("{FAE04EC0-301F-11D3-BF4B-00C04F79EFBC}") = "Highlighting.Core", "Highlighting.Core\Highlighting.Core.csproj", "{D4978D25-D792-4045-8941-25800D82AFA3}"
EndProject
Global
	GlobalSection(SolutionConfigurationPlatforms) = preSolution
		Debug|Any CPU = Debug|Any CPU
		Debug|x86 = Debug|x86
		Release|Any CPU = Release|Any CPU
		Release|x86 = Release|x86
	EndGlobalSection
	GlobalSection(ProjectConfigurationPlatforms) = postSolution
		{42485BCA-665D-48FB-BEFD-4A0232F2CF0B}.Debug|Any CPU.ActiveCfg = Debug|Any CPU
		{42485BCA-665D-48FB-BEFD-4A0232F2CF0B}.Debug|Any CPU.Build.0 = Debug|Any CPU
		{42485BCA-665D-48FB-BEFD-4A0232F2CF0B}.Debug|x86.ActiveCfg = Debug|Any CPU
		{42485BCA-665D-48FB-BEFD-4A0232F2CF0B}.Release|Any CPU.ActiveCfg = Release|Any CPU
		{42485BCA-665D-48FB-BEFD-4A0232F2CF0B}.Release|Any CPU.Build.0 = Release|Any CPU
		{42485BCA-665D-48FB-BEFD-4A0232F2CF0B}.Release|x86.ActiveCfg = Release|Any CPU
		{5C8B9089-F612-4761-B712-09ECB5317C76}.Debug|Any CPU.ActiveCfg = Debug|Any CPU
		{5C8B9089-F612-4761-B712-09ECB5317C76}.Debug|Any CPU.Build.0 = Debug|Any CPU
		{5C8B9089-F612-4761-B712-09ECB5317C76}.Debug|x86.ActiveCfg = Debug|Any CPU
		{5C8B9089-F612-4761-B712-09ECB5317C76}.Release|Any CPU.ActiveCfg = Release|Any CPU
		{5C8B9089-F612-4761-B712-09ECB5317C76}.Release|Any CPU.Build.0 = Release|Any CPU
		{5C8B9089-F612-4761-B712-09ECB5317C76}.Release|x86.ActiveCfg = Release|Any CPU
		{016C2AFB-D8AA-4DD4-94F9-83E0E6C93F72}.Debug|Any CPU.ActiveCfg = Debug|Any CPU
		{016C2AFB-D8AA-4DD4-94F9-83E0E6C93F72}.Debug|Any CPU.Build.0 = Debug|Any CPU
		{016C2AFB-D8AA-4DD4-94F9-83E0E6C93F72}.Debug|x86.ActiveCfg = Debug|Any CPU
		{016C2AFB-D8AA-4DD4-94F9-83E0E6C93F72}.Release|Any CPU.ActiveCfg = Release|Any CPU
		{016C2AFB-D8AA-4DD4-94F9-83E0E6C93F72}.Release|Any CPU.Build.0 = Release|Any CPU
		{016C2AFB-D8AA-4DD4-94F9-83E0E6C93F72}.Release|x86.ActiveCfg = Release|Any CPU
		{BC086B93-FA4B-41BD-9E95-3ED442592A01}.Debug|Any CPU.ActiveCfg = Debug|Any CPU
		{BC086B93-FA4B-41BD-9E95-3ED442592A01}.Debug|Any CPU.Build.0 = Debug|Any CPU
		{BC086B93-FA4B-41BD-9E95-3ED442592A01}.Debug|x86.ActiveCfg = Debug|Any CPU
		{BC086B93-FA4B-41BD-9E95-3ED442592A01}.Release|Any CPU.ActiveCfg = Release|Any CPU
		{BC086B93-FA4B-41BD-9E95-3ED442592A01}.Release|Any CPU.Build.0 = Release|Any CPU
		{BC086B93-FA4B-41BD-9E95-3ED442592A01}.Release|x86.ActiveCfg = Release|Any CPU
		{5FBF733C-9F3D-4831-89F2-68A500A2916C}.Debug|Any CPU.ActiveCfg = Debug|Any CPU
		{5FBF733C-9F3D-4831-89F2-68A500A2916C}.Debug|Any CPU.Build.0 = Debug|Any CPU
		{5FBF733C-9F3D-4831-89F2-68A500A2916C}.Debug|x86.ActiveCfg = Debug|Any CPU
		{5FBF733C-9F3D-4831-89F2-68A500A2916C}.Release|Any CPU.ActiveCfg = Release|Any CPU
		{5FBF733C-9F3D-4831-89F2-68A500A2916C}.Release|Any CPU.Build.0 = Release|Any CPU
		{5FBF733C-9F3D-4831-89F2-68A500A2916C}.Release|x86.ActiveCfg = Release|Any CPU
		{F67081A2-F11B-4203-B08C-FEFCB2EA924F}.Debug|Any CPU.ActiveCfg = Debug|Any CPU
		{F67081A2-F11B-4203-B08C-FEFCB2EA924F}.Debug|Any CPU.Build.0 = Debug|Any CPU
		{F67081A2-F11B-4203-B08C-FEFCB2EA924F}.Debug|x86.ActiveCfg = Debug|Any CPU
		{F67081A2-F11B-4203-B08C-FEFCB2EA924F}.Release|Any CPU.ActiveCfg = Release|Any CPU
		{F67081A2-F11B-4203-B08C-FEFCB2EA924F}.Release|Any CPU.Build.0 = Release|Any CPU
		{F67081A2-F11B-4203-B08C-FEFCB2EA924F}.Release|x86.ActiveCfg = Release|Any CPU
		{560052D2-E44A-42C0-8F88-04F623276B35}.Debug|Any CPU.ActiveCfg = Debug|Any CPU
		{560052D2-E44A-42C0-8F88-04F623276B35}.Debug|Any CPU.Build.0 = Debug|Any CPU
		{560052D2-E44A-42C0-8F88-04F623276B35}.Debug|x86.ActiveCfg = Debug|Any CPU
		{560052D2-E44A-42C0-8F88-04F623276B35}.Release|Any CPU.ActiveCfg = Release|Any CPU
		{560052D2-E44A-42C0-8F88-04F623276B35}.Release|Any CPU.Build.0 = Release|Any CPU
		{560052D2-E44A-42C0-8F88-04F623276B35}.Release|x86.ActiveCfg = Release|Any CPU
		{13716B0C-860D-428C-A281-C70D8DC029F9}.Debug|Any CPU.ActiveCfg = Debug|Any CPU
		{13716B0C-860D-428C-A281-C70D8DC029F9}.Debug|Any CPU.Build.0 = Debug|Any CPU
		{13716B0C-860D-428C-A281-C70D8DC029F9}.Debug|x86.ActiveCfg = Debug|Any CPU
		{13716B0C-860D-428C-A281-C70D8DC029F9}.Release|Any CPU.ActiveCfg = Release|Any CPU
		{13716B0C-860D-428C-A281-C70D8DC029F9}.Release|Any CPU.Build.0 = Release|Any CPU
		{13716B0C-860D-428C-A281-C70D8DC029F9}.Release|x86.ActiveCfg = Release|Any CPU
		{976AEB07-2E36-4FA0-AAD2-7B0EA031D7D4}.Debug|Any CPU.ActiveCfg = Debug|Any CPU
		{976AEB07-2E36-4FA0-AAD2-7B0EA031D7D4}.Debug|Any CPU.Build.0 = Debug|Any CPU
		{976AEB07-2E36-4FA0-AAD2-7B0EA031D7D4}.Debug|x86.ActiveCfg = Debug|Any CPU
		{976AEB07-2E36-4FA0-AAD2-7B0EA031D7D4}.Release|Any CPU.ActiveCfg = Release|Any CPU
		{976AEB07-2E36-4FA0-AAD2-7B0EA031D7D4}.Release|Any CPU.Build.0 = Release|Any CPU
		{976AEB07-2E36-4FA0-AAD2-7B0EA031D7D4}.Release|x86.ActiveCfg = Release|Any CPU
		{D0FDE059-31E0-4C71-8573-7787B8DFB903}.Debug|Any CPU.ActiveCfg = Debug|Any CPU
		{D0FDE059-31E0-4C71-8573-7787B8DFB903}.Debug|Any CPU.Build.0 = Debug|Any CPU
		{D0FDE059-31E0-4C71-8573-7787B8DFB903}.Debug|x86.ActiveCfg = Debug|Any CPU
		{D0FDE059-31E0-4C71-8573-7787B8DFB903}.Release|Any CPU.ActiveCfg = Release|Any CPU
		{D0FDE059-31E0-4C71-8573-7787B8DFB903}.Release|Any CPU.Build.0 = Release|Any CPU
		{D0FDE059-31E0-4C71-8573-7787B8DFB903}.Release|x86.ActiveCfg = Release|Any CPU
		{0AF126E6-F923-4B88-BC42-97CD3696E7E7}.Debug|Any CPU.ActiveCfg = Debug|Any CPU
		{0AF126E6-F923-4B88-BC42-97CD3696E7E7}.Debug|Any CPU.Build.0 = Debug|Any CPU
		{0AF126E6-F923-4B88-BC42-97CD3696E7E7}.Debug|x86.ActiveCfg = Debug|Any CPU
		{0AF126E6-F923-4B88-BC42-97CD3696E7E7}.Release|Any CPU.ActiveCfg = Release|Any CPU
		{0AF126E6-F923-4B88-BC42-97CD3696E7E7}.Release|Any CPU.Build.0 = Release|Any CPU
		{0AF126E6-F923-4B88-BC42-97CD3696E7E7}.Release|x86.ActiveCfg = Release|Any CPU
		{6EE8BDD8-79E9-41F5-8A8E-E959835D60FB}.Debug|Any CPU.ActiveCfg = Debug|Any CPU
		{6EE8BDD8-79E9-41F5-8A8E-E959835D60FB}.Debug|Any CPU.Build.0 = Debug|Any CPU
		{6EE8BDD8-79E9-41F5-8A8E-E959835D60FB}.Debug|x86.ActiveCfg = Debug|Any CPU
		{6EE8BDD8-79E9-41F5-8A8E-E959835D60FB}.Release|Any CPU.ActiveCfg = Release|Any CPU
		{6EE8BDD8-79E9-41F5-8A8E-E959835D60FB}.Release|Any CPU.Build.0 = Release|Any CPU
		{6EE8BDD8-79E9-41F5-8A8E-E959835D60FB}.Release|x86.ActiveCfg = Release|Any CPU
		{D4978D25-D792-4045-8941-25800D82AFA3}.Debug|Any CPU.ActiveCfg = Debug|Any CPU
		{D4978D25-D792-4045-8941-25800D82AFA3}.Debug|Any CPU.Build.0 = Debug|Any CPU
		{D4978D25-D792-4045-8941-25800D82AFA3}.Debug|x86.ActiveCfg = Debug|Any CPU
		{D4978D25-D792-4045-8941-25800D82AFA3}.Release|Any CPU.ActiveCfg = Release|Any CPU
		{D4978D25-D792-4045-8941-25800D82AFA3}.Release|Any CPU.Build.0 = Release|Any CPU
		{D4978D25-D792-4045-8941-25800D82AFA3}.Release|x86.ActiveCfg = Release|Any CPU
	EndGlobalSection
	GlobalSection(SolutionProperties) = preSolution
		HideSolutionNode = FALSE
	EndGlobalSection
	GlobalSection(NestedProjects) = preSolution
		{42485BCA-665D-48FB-BEFD-4A0232F2CF0B} = {AF4703A9-1336-4D73-B341-B10F5D3B9BCB}
		{241A2C93-1EEE-40C6-B729-0DB38F6D43F4} = {ADC9DB7B-3A38-4D86-9D89-8E13C073FC60}
		{C4B45CF5-EA74-41C6-8EFE-67C57201DEB6} = {ADC9DB7B-3A38-4D86-9D89-8E13C073FC60}
		{B6002073-25B2-4EF6-BE9E-4BA92D664BDA} = {ADC9DB7B-3A38-4D86-9D89-8E13C073FC60}
		{5C8B9089-F612-4761-B712-09ECB5317C76} = {241A2C93-1EEE-40C6-B729-0DB38F6D43F4}
		{976AEB07-2E36-4FA0-AAD2-7B0EA031D7D4} = {241A2C93-1EEE-40C6-B729-0DB38F6D43F4}
		{6EE8BDD8-79E9-41F5-8A8E-E959835D60FB} = {241A2C93-1EEE-40C6-B729-0DB38F6D43F4}
		{016C2AFB-D8AA-4DD4-94F9-83E0E6C93F72} = {C4B45CF5-EA74-41C6-8EFE-67C57201DEB6}
		{0AF126E6-F923-4B88-BC42-97CD3696E7E7} = {C4B45CF5-EA74-41C6-8EFE-67C57201DEB6}
		{BC086B93-FA4B-41BD-9E95-3ED442592A01} = {A20535F2-9BB0-42B6-8101-300091F179F2}
		{5FBF733C-9F3D-4831-89F2-68A500A2916C} = {A20535F2-9BB0-42B6-8101-300091F179F2}
		{F67081A2-F11B-4203-B08C-FEFCB2EA924F} = {A20535F2-9BB0-42B6-8101-300091F179F2}
		{D4978D25-D792-4045-8941-25800D82AFA3} = {A20535F2-9BB0-42B6-8101-300091F179F2}
		{560052D2-E44A-42C0-8F88-04F623276B35} = {B6002073-25B2-4EF6-BE9E-4BA92D664BDA}
		{13716B0C-860D-428C-A281-C70D8DC029F9} = {B6002073-25B2-4EF6-BE9E-4BA92D664BDA}
		{D0FDE059-31E0-4C71-8573-7787B8DFB903} = {B6002073-25B2-4EF6-BE9E-4BA92D664BDA}
	EndGlobalSection
EndGlobal
